// !$*UTF8*$!
{
	archiveVersion = 1;
	classes = {
	};
	objectVersion = 55;
	objects = {

/* Begin PBXBuildFile section */
		7B981FBB27896898002E24DF /* Tests_iOS.swift in Sources */ = {isa = PBXBuildFile; fileRef = 7B981FBA27896898002E24DF /* Tests_iOS.swift */; };
		7B981FBD27896898002E24DF /* Tests_iOSLaunchTests.swift in Sources */ = {isa = PBXBuildFile; fileRef = 7B981FBC27896898002E24DF /* Tests_iOSLaunchTests.swift */; };
		7B981FC727896898002E24DF /* Tests_macOS.swift in Sources */ = {isa = PBXBuildFile; fileRef = 7B981FC627896898002E24DF /* Tests_macOS.swift */; };
		7B981FC927896898002E24DF /* Tests_macOSLaunchTests.swift in Sources */ = {isa = PBXBuildFile; fileRef = 7B981FC827896898002E24DF /* Tests_macOSLaunchTests.swift */; };
		7B981FCC27896898002E24DF /* ContentView.swift in Sources */ = {isa = PBXBuildFile; fileRef = 7B981FA327896895002E24DF /* ContentView.swift */; };
		7B981FE827897ADB002E24DF /* ContentView.swift in Sources */ = {isa = PBXBuildFile; fileRef = 7B981FE727897ADB002E24DF /* ContentView.swift */; };
		7B981FF6278A2AD3002E24DF /* Entities in Frameworks */ = {isa = PBXBuildFile; productRef = 7B981FF5278A2AD3002E24DF /* Entities */; };
		7B981FF8278A2ADB002E24DF /* Entities in Frameworks */ = {isa = PBXBuildFile; productRef = 7B981FF7278A2ADB002E24DF /* Entities */; };
		7B981FFE278A2EDB002E24DF /* MultiPlatformAppiOSAndMacApp.swift in Sources */ = {isa = PBXBuildFile; fileRef = 7B981FFD278A2EDB002E24DF /* MultiPlatformAppiOSAndMacApp.swift */; };
		7B981FFF278A2EDB002E24DF /* MultiPlatformAppiOSAndMacApp.swift in Sources */ = {isa = PBXBuildFile; fileRef = 7B981FFD278A2EDB002E24DF /* MultiPlatformAppiOSAndMacApp.swift */; };
		7B982003278A2F00002E24DF /* Views in Frameworks */ = {isa = PBXBuildFile; productRef = 7B982002278A2F00002E24DF /* Views */; };
		7B982005278A300F002E24DF /* Assets.xcassets in Resources */ = {isa = PBXBuildFile; fileRef = 7B982004278A300F002E24DF /* Assets.xcassets */; };
		7B982006278A300F002E24DF /* Assets.xcassets in Resources */ = {isa = PBXBuildFile; fileRef = 7B982004278A300F002E24DF /* Assets.xcassets */; };
		7B982008278A37F6002E24DF /* ViewModels in Frameworks */ = {isa = PBXBuildFile; productRef = 7B982007278A37F6002E24DF /* ViewModels */; };
		7B98200A278A37FC002E24DF /* AppFeature in Frameworks */ = {isa = PBXBuildFile; productRef = 7B982009278A37FC002E24DF /* AppFeature */; };
		7B98200C278A3804002E24DF /* AppFeature in Frameworks */ = {isa = PBXBuildFile; productRef = 7B98200B278A3804002E24DF /* AppFeature */; };
		7B98200E278A3804002E24DF /* ViewModels in Frameworks */ = {isa = PBXBuildFile; productRef = 7B98200D278A3804002E24DF /* ViewModels */; };
		7B982010278A3804002E24DF /* Views in Frameworks */ = {isa = PBXBuildFile; productRef = 7B98200F278A3804002E24DF /* Views */; };
		7B982012278A3DDB002E24DF /* SimpleNavigationView.swift in Sources */ = {isa = PBXBuildFile; fileRef = 7B982011278A3DDB002E24DF /* SimpleNavigationView.swift */; };
/* End PBXBuildFile section */

/* Begin PBXContainerItemProxy section */
		7B981FB727896898002E24DF /* PBXContainerItemProxy */ = {
			isa = PBXContainerItemProxy;
			containerPortal = 7B981F9D27896895002E24DF /* Project object */;
			proxyType = 1;
			remoteGlobalIDString = 7B981FA827896898002E24DF;
			remoteInfo = "MultiPlatformAppiOSAndMac (iOS)";
		};
		7B981FC327896898002E24DF /* PBXContainerItemProxy */ = {
			isa = PBXContainerItemProxy;
			containerPortal = 7B981F9D27896895002E24DF /* Project object */;
			proxyType = 1;
			remoteGlobalIDString = 7B981FAE27896898002E24DF;
			remoteInfo = "MultiPlatformAppiOSAndMac (macOS)";
		};
/* End PBXContainerItemProxy section */

/* Begin PBXFileReference section */
		7B981FA327896895002E24DF /* ContentView.swift */ = {isa = PBXFileReference; lastKnownFileType = sourcecode.swift; path = ContentView.swift; sourceTree = "<group>"; };
		7B981FA927896898002E24DF /* MultiPlatformAppiOSAndMac.app */ = {isa = PBXFileReference; explicitFileType = wrapper.application; includeInIndex = 0; path = MultiPlatformAppiOSAndMac.app; sourceTree = BUILT_PRODUCTS_DIR; };
		7B981FAF27896898002E24DF /* MultiPlatformAppiOSAndMac.app */ = {isa = PBXFileReference; explicitFileType = wrapper.application; includeInIndex = 0; path = MultiPlatformAppiOSAndMac.app; sourceTree = BUILT_PRODUCTS_DIR; };
		7B981FB127896898002E24DF /* macOS.entitlements */ = {isa = PBXFileReference; lastKnownFileType = text.plist.entitlements; path = macOS.entitlements; sourceTree = "<group>"; };
		7B981FB627896898002E24DF /* Tests iOS.xctest */ = {isa = PBXFileReference; explicitFileType = wrapper.cfbundle; includeInIndex = 0; path = "Tests iOS.xctest"; sourceTree = BUILT_PRODUCTS_DIR; };
		7B981FBA27896898002E24DF /* Tests_iOS.swift */ = {isa = PBXFileReference; lastKnownFileType = sourcecode.swift; path = Tests_iOS.swift; sourceTree = "<group>"; };
		7B981FBC27896898002E24DF /* Tests_iOSLaunchTests.swift */ = {isa = PBXFileReference; lastKnownFileType = sourcecode.swift; path = Tests_iOSLaunchTests.swift; sourceTree = "<group>"; };
		7B981FC227896898002E24DF /* Tests macOS.xctest */ = {isa = PBXFileReference; explicitFileType = wrapper.cfbundle; includeInIndex = 0; path = "Tests macOS.xctest"; sourceTree = BUILT_PRODUCTS_DIR; };
		7B981FC627896898002E24DF /* Tests_macOS.swift */ = {isa = PBXFileReference; lastKnownFileType = sourcecode.swift; path = Tests_macOS.swift; sourceTree = "<group>"; };
		7B981FC827896898002E24DF /* Tests_macOSLaunchTests.swift */ = {isa = PBXFileReference; lastKnownFileType = sourcecode.swift; path = Tests_macOSLaunchTests.swift; sourceTree = "<group>"; };
		7B981FE727897ADB002E24DF /* ContentView.swift */ = {isa = PBXFileReference; fileEncoding = 4; lastKnownFileType = sourcecode.swift; name = ContentView.swift; path = MacApp/ContentView.swift; sourceTree = SOURCE_ROOT; };
		7B981FFD278A2EDB002E24DF /* MultiPlatformAppiOSAndMacApp.swift */ = {isa = PBXFileReference; fileEncoding = 4; lastKnownFileType = sourcecode.swift; path = MultiPlatformAppiOSAndMacApp.swift; sourceTree = "<group>"; };
		7B982004278A300F002E24DF /* Assets.xcassets */ = {isa = PBXFileReference; lastKnownFileType = folder.assetcatalog; path = Assets.xcassets; sourceTree = "<group>"; };
		7B982011278A3DDB002E24DF /* SimpleNavigationView.swift */ = {isa = PBXFileReference; lastKnownFileType = sourcecode.swift; path = SimpleNavigationView.swift; sourceTree = "<group>"; };
/* End PBXFileReference section */

/* Begin PBXFrameworksBuildPhase section */
		7B981FA627896898002E24DF /* Frameworks */ = {
			isa = PBXFrameworksBuildPhase;
			buildActionMask = 2147483647;
			files = (
				7B981FF6278A2AD3002E24DF /* Entities in Frameworks */,
				7B98200C278A3804002E24DF /* AppFeature in Frameworks */,
				7B98200E278A3804002E24DF /* ViewModels in Frameworks */,
				7B982010278A3804002E24DF /* Views in Frameworks */,
			);
			runOnlyForDeploymentPostprocessing = 0;
		};
		7B981FAC27896898002E24DF /* Frameworks */ = {
			isa = PBXFrameworksBuildPhase;
			buildActionMask = 2147483647;
			files = (
				7B982003278A2F00002E24DF /* Views in Frameworks */,
				7B981FF8278A2ADB002E24DF /* Entities in Frameworks */,
				7B982008278A37F6002E24DF /* ViewModels in Frameworks */,
				7B98200A278A37FC002E24DF /* AppFeature in Frameworks */,
			);
			runOnlyForDeploymentPostprocessing = 0;
		};
		7B981FB327896898002E24DF /* Frameworks */ = {
			isa = PBXFrameworksBuildPhase;
			buildActionMask = 2147483647;
			files = (
			);
			runOnlyForDeploymentPostprocessing = 0;
		};
		7B981FBF27896898002E24DF /* Frameworks */ = {
			isa = PBXFrameworksBuildPhase;
			buildActionMask = 2147483647;
			files = (
			);
			runOnlyForDeploymentPostprocessing = 0;
		};
/* End PBXFrameworksBuildPhase section */

/* Begin PBXGroup section */
		7B981F9C27896895002E24DF = {
			isa = PBXGroup;
			children = (
				7B981FF9278A2EBE002E24DF /* Shared */,
				7B981FE527897A87002E24DF /* iOSApp */,
				7B981FE627897AB5002E24DF /* MacApp */,
				7B981FB027896898002E24DF /* macOS */,
				7B981FB927896898002E24DF /* Tests iOS */,
				7B981FC527896898002E24DF /* Tests macOS */,
				7B981FAA27896898002E24DF /* Products */,
				7B981FF4278A2AD3002E24DF /* Frameworks */,
			);
			sourceTree = "<group>";
		};
		7B981FAA27896898002E24DF /* Products */ = {
			isa = PBXGroup;
			children = (
				7B981FA927896898002E24DF /* MultiPlatformAppiOSAndMac.app */,
				7B981FAF27896898002E24DF /* MultiPlatformAppiOSAndMac.app */,
				7B981FB627896898002E24DF /* Tests iOS.xctest */,
				7B981FC227896898002E24DF /* Tests macOS.xctest */,
			);
			name = Products;
			sourceTree = "<group>";
		};
		7B981FB027896898002E24DF /* macOS */ = {
			isa = PBXGroup;
			children = (
				7B981FB127896898002E24DF /* macOS.entitlements */,
			);
			path = macOS;
			sourceTree = "<group>";
		};
		7B981FB927896898002E24DF /* Tests iOS */ = {
			isa = PBXGroup;
			children = (
				7B981FBA27896898002E24DF /* Tests_iOS.swift */,
				7B981FBC27896898002E24DF /* Tests_iOSLaunchTests.swift */,
			);
			path = "Tests iOS";
			sourceTree = "<group>";
		};
		7B981FC527896898002E24DF /* Tests macOS */ = {
			isa = PBXGroup;
			children = (
				7B981FC627896898002E24DF /* Tests_macOS.swift */,
				7B981FC827896898002E24DF /* Tests_macOSLaunchTests.swift */,
			);
			path = "Tests macOS";
			sourceTree = "<group>";
		};
		7B981FE527897A87002E24DF /* iOSApp */ = {
			isa = PBXGroup;
			children = (
				7B981FA327896895002E24DF /* ContentView.swift */,
			);
			path = iOSApp;
			sourceTree = "<group>";
		};
		7B981FE627897AB5002E24DF /* MacApp */ = {
			isa = PBXGroup;
			children = (
				7B982011278A3DDB002E24DF /* SimpleNavigationView.swift */,
				7B981FE727897ADB002E24DF /* ContentView.swift */,
			);
			path = MacApp;
			sourceTree = "<group>";
		};
		7B981FF4278A2AD3002E24DF /* Frameworks */ = {
			isa = PBXGroup;
			children = (
			);
			name = Frameworks;
			sourceTree = "<group>";
		};
		7B981FF9278A2EBE002E24DF /* Shared */ = {
			isa = PBXGroup;
			children = (
				7B982004278A300F002E24DF /* Assets.xcassets */,
				7B981FFD278A2EDB002E24DF /* MultiPlatformAppiOSAndMacApp.swift */,
			);
			path = Shared;
			sourceTree = "<group>";
		};
/* End PBXGroup section */

/* Begin PBXNativeTarget section */
		7B981FA827896898002E24DF /* MultiPlatformAppiOS (iOS) */ = {
			isa = PBXNativeTarget;
			buildConfigurationList = 7B981FD227896898002E24DF /* Build configuration list for PBXNativeTarget "MultiPlatformAppiOS (iOS)" */;
			buildPhases = (
				7B981FA527896898002E24DF /* Sources */,
				7B981FA627896898002E24DF /* Frameworks */,
				7B981FA727896898002E24DF /* Resources */,
			);
			buildRules = (
			);
			dependencies = (
			);
			name = "MultiPlatformAppiOS (iOS)";
			packageProductDependencies = (
				7B981FF5278A2AD3002E24DF /* Entities */,
				7B98200B278A3804002E24DF /* AppFeature */,
				7B98200D278A3804002E24DF /* ViewModels */,
				7B98200F278A3804002E24DF /* Views */,
			);
			productName = "MultiPlatformAppiOSAndMac (iOS)";
			productReference = 7B981FA927896898002E24DF /* MultiPlatformAppiOSAndMac.app */;
			productType = "com.apple.product-type.application";
		};
		7B981FAE27896898002E24DF /* MultiPlatformAppMac (macOS) */ = {
			isa = PBXNativeTarget;
			buildConfigurationList = 7B981FD527896898002E24DF /* Build configuration list for PBXNativeTarget "MultiPlatformAppMac (macOS)" */;
			buildPhases = (
				7B981FAB27896898002E24DF /* Sources */,
				7B981FAC27896898002E24DF /* Frameworks */,
				7B981FAD27896898002E24DF /* Resources */,
			);
			buildRules = (
			);
			dependencies = (
			);
			name = "MultiPlatformAppMac (macOS)";
			packageProductDependencies = (
				7B981FF7278A2ADB002E24DF /* Entities */,
				7B982002278A2F00002E24DF /* Views */,
				7B982007278A37F6002E24DF /* ViewModels */,
				7B982009278A37FC002E24DF /* AppFeature */,
			);
			productName = "MultiPlatformAppiOSAndMac (macOS)";
			productReference = 7B981FAF27896898002E24DF /* MultiPlatformAppiOSAndMac.app */;
			productType = "com.apple.product-type.application";
		};
		7B981FB527896898002E24DF /* Tests iOS */ = {
			isa = PBXNativeTarget;
			buildConfigurationList = 7B981FD827896898002E24DF /* Build configuration list for PBXNativeTarget "Tests iOS" */;
			buildPhases = (
				7B981FB227896898002E24DF /* Sources */,
				7B981FB327896898002E24DF /* Frameworks */,
				7B981FB427896898002E24DF /* Resources */,
			);
			buildRules = (
			);
			dependencies = (
				7B981FB827896898002E24DF /* PBXTargetDependency */,
			);
			name = "Tests iOS";
			productName = "Tests iOS";
			productReference = 7B981FB627896898002E24DF /* Tests iOS.xctest */;
			productType = "com.apple.product-type.bundle.ui-testing";
		};
		7B981FC127896898002E24DF /* Tests macOS */ = {
			isa = PBXNativeTarget;
			buildConfigurationList = 7B981FDB27896898002E24DF /* Build configuration list for PBXNativeTarget "Tests macOS" */;
			buildPhases = (
				7B981FBE27896898002E24DF /* Sources */,
				7B981FBF27896898002E24DF /* Frameworks */,
				7B981FC027896898002E24DF /* Resources */,
			);
			buildRules = (
			);
			dependencies = (
				7B981FC427896898002E24DF /* PBXTargetDependency */,
			);
			name = "Tests macOS";
			productName = "Tests macOS";
			productReference = 7B981FC227896898002E24DF /* Tests macOS.xctest */;
			productType = "com.apple.product-type.bundle.ui-testing";
		};
/* End PBXNativeTarget section */

/* Begin PBXProject section */
		7B981F9D27896895002E24DF /* Project object */ = {
			isa = PBXProject;
			attributes = {
				BuildIndependentTargetsInParallel = 1;
				LastSwiftUpdateCheck = 1320;
				LastUpgradeCheck = 1320;
				TargetAttributes = {
					7B981FA827896898002E24DF = {
						CreatedOnToolsVersion = 13.2.1;
					};
					7B981FAE27896898002E24DF = {
						CreatedOnToolsVersion = 13.2.1;
					};
					7B981FB527896898002E24DF = {
						CreatedOnToolsVersion = 13.2.1;
						TestTargetID = 7B981FA827896898002E24DF;
					};
					7B981FC127896898002E24DF = {
						CreatedOnToolsVersion = 13.2.1;
						TestTargetID = 7B981FAE27896898002E24DF;
					};
				};
			};
			buildConfigurationList = 7B981FA027896895002E24DF /* Build configuration list for PBXProject "MultiPlatformAppiOSAndMac" */;
			compatibilityVersion = "Xcode 13.0";
			developmentRegion = en;
			hasScannedForEncodings = 0;
			knownRegions = (
				en,
				Base,
			);
			mainGroup = 7B981F9C27896895002E24DF;
			productRefGroup = 7B981FAA27896898002E24DF /* Products */;
			projectDirPath = "";
			projectRoot = "";
			targets = (
				7B981FA827896898002E24DF /* MultiPlatformAppiOS (iOS) */,
				7B981FAE27896898002E24DF /* MultiPlatformAppMac (macOS) */,
				7B981FB527896898002E24DF /* Tests iOS */,
				7B981FC127896898002E24DF /* Tests macOS */,
			);
		};
/* End PBXProject section */

/* Begin PBXResourcesBuildPhase section */
		7B981FA727896898002E24DF /* Resources */ = {
			isa = PBXResourcesBuildPhase;
			buildActionMask = 2147483647;
			files = (
				7B982005278A300F002E24DF /* Assets.xcassets in Resources */,
			);
			runOnlyForDeploymentPostprocessing = 0;
		};
		7B981FAD27896898002E24DF /* Resources */ = {
			isa = PBXResourcesBuildPhase;
			buildActionMask = 2147483647;
			files = (
				7B982006278A300F002E24DF /* Assets.xcassets in Resources */,
			);
			runOnlyForDeploymentPostprocessing = 0;
		};
		7B981FB427896898002E24DF /* Resources */ = {
			isa = PBXResourcesBuildPhase;
			buildActionMask = 2147483647;
			files = (
			);
			runOnlyForDeploymentPostprocessing = 0;
		};
		7B981FC027896898002E24DF /* Resources */ = {
			isa = PBXResourcesBuildPhase;
			buildActionMask = 2147483647;
			files = (
			);
			runOnlyForDeploymentPostprocessing = 0;
		};
/* End PBXResourcesBuildPhase section */

/* Begin PBXSourcesBuildPhase section */
		7B981FA527896898002E24DF /* Sources */ = {
			isa = PBXSourcesBuildPhase;
			buildActionMask = 2147483647;
			files = (
				7B981FFE278A2EDB002E24DF /* MultiPlatformAppiOSAndMacApp.swift in Sources */,
				7B981FCC27896898002E24DF /* ContentView.swift in Sources */,
			);
			runOnlyForDeploymentPostprocessing = 0;
		};
		7B981FAB27896898002E24DF /* Sources */ = {
			isa = PBXSourcesBuildPhase;
			buildActionMask = 2147483647;
			files = (
				7B981FFF278A2EDB002E24DF /* MultiPlatformAppiOSAndMacApp.swift in Sources */,
				7B981FE827897ADB002E24DF /* ContentView.swift in Sources */,
				7B982012278A3DDB002E24DF /* SimpleNavigationView.swift in Sources */,
			);
			runOnlyForDeploymentPostprocessing = 0;
		};
		7B981FB227896898002E24DF /* Sources */ = {
			isa = PBXSourcesBuildPhase;
			buildActionMask = 2147483647;
			files = (
				7B981FBD27896898002E24DF /* Tests_iOSLaunchTests.swift in Sources */,
				7B981FBB27896898002E24DF /* Tests_iOS.swift in Sources */,
			);
			runOnlyForDeploymentPostprocessing = 0;
		};
		7B981FBE27896898002E24DF /* Sources */ = {
			isa = PBXSourcesBuildPhase;
			buildActionMask = 2147483647;
			files = (
				7B981FC927896898002E24DF /* Tests_macOSLaunchTests.swift in Sources */,
				7B981FC727896898002E24DF /* Tests_macOS.swift in Sources */,
			);
			runOnlyForDeploymentPostprocessing = 0;
		};
/* End PBXSourcesBuildPhase section */

/* Begin PBXTargetDependency section */
		7B981FB827896898002E24DF /* PBXTargetDependency */ = {
			isa = PBXTargetDependency;
			target = 7B981FA827896898002E24DF /* MultiPlatformAppiOS (iOS) */;
			targetProxy = 7B981FB727896898002E24DF /* PBXContainerItemProxy */;
		};
		7B981FC427896898002E24DF /* PBXTargetDependency */ = {
			isa = PBXTargetDependency;
			target = 7B981FAE27896898002E24DF /* MultiPlatformAppMac (macOS) */;
			targetProxy = 7B981FC327896898002E24DF /* PBXContainerItemProxy */;
		};
/* End PBXTargetDependency section */

/* Begin XCBuildConfiguration section */
		7B981FD027896898002E24DF /* Debug */ = {
			isa = XCBuildConfiguration;
			buildSettings = {
				ALWAYS_SEARCH_USER_PATHS = NO;
				CLANG_ANALYZER_NONNULL = YES;
				CLANG_ANALYZER_NUMBER_OBJECT_CONVERSION = YES_AGGRESSIVE;
				CLANG_CXX_LANGUAGE_STANDARD = "gnu++17";
				CLANG_CXX_LIBRARY = "libc++";
				CLANG_ENABLE_MODULES = YES;
				CLANG_ENABLE_OBJC_ARC = YES;
				CLANG_ENABLE_OBJC_WEAK = YES;
				CLANG_WARN_BLOCK_CAPTURE_AUTORELEASING = YES;
				CLANG_WARN_BOOL_CONVERSION = YES;
				CLANG_WARN_COMMA = YES;
				CLANG_WARN_CONSTANT_CONVERSION = YES;
				CLANG_WARN_DEPRECATED_OBJC_IMPLEMENTATIONS = YES;
				CLANG_WARN_DIRECT_OBJC_ISA_USAGE = YES_ERROR;
				CLANG_WARN_DOCUMENTATION_COMMENTS = YES;
				CLANG_WARN_EMPTY_BODY = YES;
				CLANG_WARN_ENUM_CONVERSION = YES;
				CLANG_WARN_INFINITE_RECURSION = YES;
				CLANG_WARN_INT_CONVERSION = YES;
				CLANG_WARN_NON_LITERAL_NULL_CONVERSION = YES;
				CLANG_WARN_OBJC_IMPLICIT_RETAIN_SELF = YES;
				CLANG_WARN_OBJC_LITERAL_CONVERSION = YES;
				CLANG_WARN_OBJC_ROOT_CLASS = YES_ERROR;
				CLANG_WARN_QUOTED_INCLUDE_IN_FRAMEWORK_HEADER = YES;
				CLANG_WARN_RANGE_LOOP_ANALYSIS = YES;
				CLANG_WARN_STRICT_PROTOTYPES = YES;
				CLANG_WARN_SUSPICIOUS_MOVE = YES;
				CLANG_WARN_UNGUARDED_AVAILABILITY = YES_AGGRESSIVE;
				CLANG_WARN_UNREACHABLE_CODE = YES;
				CLANG_WARN__DUPLICATE_METHOD_MATCH = YES;
				COPY_PHASE_STRIP = NO;
				DEBUG_INFORMATION_FORMAT = dwarf;
				ENABLE_STRICT_OBJC_MSGSEND = YES;
				ENABLE_TESTABILITY = YES;
				GCC_C_LANGUAGE_STANDARD = gnu11;
				GCC_DYNAMIC_NO_PIC = NO;
				GCC_NO_COMMON_BLOCKS = YES;
				GCC_OPTIMIZATION_LEVEL = 0;
				GCC_PREPROCESSOR_DEFINITIONS = (
					"DEBUG=1",
					"$(inherited)",
				);
				GCC_WARN_64_TO_32_BIT_CONVERSION = YES;
				GCC_WARN_ABOUT_RETURN_TYPE = YES_ERROR;
				GCC_WARN_UNDECLARED_SELECTOR = YES;
				GCC_WARN_UNINITIALIZED_AUTOS = YES_AGGRESSIVE;
				GCC_WARN_UNUSED_FUNCTION = YES;
				GCC_WARN_UNUSED_VARIABLE = YES;
				MTL_ENABLE_DEBUG_INFO = INCLUDE_SOURCE;
				MTL_FAST_MATH = YES;
				ONLY_ACTIVE_ARCH = YES;
				SWIFT_ACTIVE_COMPILATION_CONDITIONS = DEBUG;
				SWIFT_OPTIMIZATION_LEVEL = "-Onone";
			};
			name = Debug;
		};
		7B981FD127896898002E24DF /* Release */ = {
			isa = XCBuildConfiguration;
			buildSettings = {
				ALWAYS_SEARCH_USER_PATHS = NO;
				CLANG_ANALYZER_NONNULL = YES;
				CLANG_ANALYZER_NUMBER_OBJECT_CONVERSION = YES_AGGRESSIVE;
				CLANG_CXX_LANGUAGE_STANDARD = "gnu++17";
				CLANG_CXX_LIBRARY = "libc++";
				CLANG_ENABLE_MODULES = YES;
				CLANG_ENABLE_OBJC_ARC = YES;
				CLANG_ENABLE_OBJC_WEAK = YES;
				CLANG_WARN_BLOCK_CAPTURE_AUTORELEASING = YES;
				CLANG_WARN_BOOL_CONVERSION = YES;
				CLANG_WARN_COMMA = YES;
				CLANG_WARN_CONSTANT_CONVERSION = YES;
				CLANG_WARN_DEPRECATED_OBJC_IMPLEMENTATIONS = YES;
				CLANG_WARN_DIRECT_OBJC_ISA_USAGE = YES_ERROR;
				CLANG_WARN_DOCUMENTATION_COMMENTS = YES;
				CLANG_WARN_EMPTY_BODY = YES;
				CLANG_WARN_ENUM_CONVERSION = YES;
				CLANG_WARN_INFINITE_RECURSION = YES;
				CLANG_WARN_INT_CONVERSION = YES;
				CLANG_WARN_NON_LITERAL_NULL_CONVERSION = YES;
				CLANG_WARN_OBJC_IMPLICIT_RETAIN_SELF = YES;
				CLANG_WARN_OBJC_LITERAL_CONVERSION = YES;
				CLANG_WARN_OBJC_ROOT_CLASS = YES_ERROR;
				CLANG_WARN_QUOTED_INCLUDE_IN_FRAMEWORK_HEADER = YES;
				CLANG_WARN_RANGE_LOOP_ANALYSIS = YES;
				CLANG_WARN_STRICT_PROTOTYPES = YES;
				CLANG_WARN_SUSPICIOUS_MOVE = YES;
				CLANG_WARN_UNGUARDED_AVAILABILITY = YES_AGGRESSIVE;
				CLANG_WARN_UNREACHABLE_CODE = YES;
				CLANG_WARN__DUPLICATE_METHOD_MATCH = YES;
				COPY_PHASE_STRIP = NO;
				DEBUG_INFORMATION_FORMAT = "dwarf-with-dsym";
				ENABLE_NS_ASSERTIONS = NO;
				ENABLE_STRICT_OBJC_MSGSEND = YES;
				GCC_C_LANGUAGE_STANDARD = gnu11;
				GCC_NO_COMMON_BLOCKS = YES;
				GCC_WARN_64_TO_32_BIT_CONVERSION = YES;
				GCC_WARN_ABOUT_RETURN_TYPE = YES_ERROR;
				GCC_WARN_UNDECLARED_SELECTOR = YES;
				GCC_WARN_UNINITIALIZED_AUTOS = YES_AGGRESSIVE;
				GCC_WARN_UNUSED_FUNCTION = YES;
				GCC_WARN_UNUSED_VARIABLE = YES;
				MTL_ENABLE_DEBUG_INFO = NO;
				MTL_FAST_MATH = YES;
				SWIFT_COMPILATION_MODE = wholemodule;
				SWIFT_OPTIMIZATION_LEVEL = "-O";
			};
			name = Release;
		};
		7B981FD327896898002E24DF /* Debug */ = {
			isa = XCBuildConfiguration;
			buildSettings = {
				ASSETCATALOG_COMPILER_APPICON_NAME = AppIcon;
				ASSETCATALOG_COMPILER_GLOBAL_ACCENT_COLOR_NAME = AccentColor;
				CODE_SIGN_STYLE = Automatic;
				CURRENT_PROJECT_VERSION = 1;
				DEVELOPMENT_TEAM = 38BV25GUUS;
				ENABLE_PREVIEWS = YES;
				GENERATE_INFOPLIST_FILE = YES;
				INFOPLIST_KEY_NSBluetoothAlwaysUsageDescription = "Bluetooth Always Usage Description";
				INFOPLIST_KEY_NSBluetoothPeripheralUsageDescription = "Bluetooth Peripheral Usage Description";
				INFOPLIST_KEY_UIApplicationSceneManifest_Generation = YES;
				INFOPLIST_KEY_UIApplicationSupportsIndirectInputEvents = YES;
				INFOPLIST_KEY_UILaunchScreen_Generation = YES;
				INFOPLIST_KEY_UISupportedInterfaceOrientations_iPad = "UIInterfaceOrientationPortrait UIInterfaceOrientationPortraitUpsideDown UIInterfaceOrientationLandscapeLeft UIInterfaceOrientationLandscapeRight";
				INFOPLIST_KEY_UISupportedInterfaceOrientations_iPhone = "UIInterfaceOrientationPortrait UIInterfaceOrientationLandscapeLeft UIInterfaceOrientationLandscapeRight";
				IPHONEOS_DEPLOYMENT_TARGET = 14.0;
				LD_RUNPATH_SEARCH_PATHS = (
					"$(inherited)",
					"@executable_path/Frameworks",
				);
				MARKETING_VERSION = 1.0;
				PRODUCT_BUNDLE_IDENTIFIER = com.tyomashin.MultiPlatformAppiOSAndMac;
				PRODUCT_NAME = MultiPlatformAppiOSAndMac;
				SDKROOT = iphoneos;
				SWIFT_EMIT_LOC_STRINGS = YES;
				SWIFT_VERSION = 5.0;
				TARGETED_DEVICE_FAMILY = 1;
			};
			name = Debug;
		};
		7B981FD427896898002E24DF /* Release */ = {
			isa = XCBuildConfiguration;
			buildSettings = {
				ASSETCATALOG_COMPILER_APPICON_NAME = AppIcon;
				ASSETCATALOG_COMPILER_GLOBAL_ACCENT_COLOR_NAME = AccentColor;
				CODE_SIGN_STYLE = Automatic;
				CURRENT_PROJECT_VERSION = 1;
				DEVELOPMENT_TEAM = 38BV25GUUS;
				ENABLE_PREVIEWS = YES;
				GENERATE_INFOPLIST_FILE = YES;
				INFOPLIST_KEY_NSBluetoothAlwaysUsageDescription = "Bluetooth Always Usage Description";
				INFOPLIST_KEY_NSBluetoothPeripheralUsageDescription = "Bluetooth Peripheral Usage Description";
				INFOPLIST_KEY_UIApplicationSceneManifest_Generation = YES;
				INFOPLIST_KEY_UIApplicationSupportsIndirectInputEvents = YES;
				INFOPLIST_KEY_UILaunchScreen_Generation = YES;
				INFOPLIST_KEY_UISupportedInterfaceOrientations_iPad = "UIInterfaceOrientationPortrait UIInterfaceOrientationPortraitUpsideDown UIInterfaceOrientationLandscapeLeft UIInterfaceOrientationLandscapeRight";
				INFOPLIST_KEY_UISupportedInterfaceOrientations_iPhone = "UIInterfaceOrientationPortrait UIInterfaceOrientationLandscapeLeft UIInterfaceOrientationLandscapeRight";
				IPHONEOS_DEPLOYMENT_TARGET = 14.0;
				LD_RUNPATH_SEARCH_PATHS = (
					"$(inherited)",
					"@executable_path/Frameworks",
				);
				MARKETING_VERSION = 1.0;
				PRODUCT_BUNDLE_IDENTIFIER = com.tyomashin.MultiPlatformAppiOSAndMac;
				PRODUCT_NAME = MultiPlatformAppiOSAndMac;
				SDKROOT = iphoneos;
				SWIFT_EMIT_LOC_STRINGS = YES;
				SWIFT_VERSION = 5.0;
				TARGETED_DEVICE_FAMILY = 1;
				VALIDATE_PRODUCT = YES;
			};
			name = Release;
		};
		7B981FD627896898002E24DF /* Debug */ = {
			isa = XCBuildConfiguration;
			buildSettings = {
				ASSETCATALOG_COMPILER_APPICON_NAME = AppIcon;
				ASSETCATALOG_COMPILER_GLOBAL_ACCENT_COLOR_NAME = AccentColor;
				CODE_SIGN_ENTITLEMENTS = macOS/macOS.entitlements;
				CODE_SIGN_STYLE = Automatic;
				COMBINE_HIDPI_IMAGES = YES;
				CURRENT_PROJECT_VERSION = 1;
				DEVELOPMENT_TEAM = 38BV25GUUS;
				ENABLE_HARDENED_RUNTIME = YES;
				ENABLE_PREVIEWS = YES;
				GENERATE_INFOPLIST_FILE = YES;
				INFOPLIST_KEY_NSBluetoothAlwaysUsageDescription = "Privacy - Bluetooth Always Usage Description";
				INFOPLIST_KEY_NSBluetoothPeripheralUsageDescription = "Privacy - Bluetooth Peripheral Usage Description";
				INFOPLIST_KEY_NSHumanReadableCopyright = "";
				LD_RUNPATH_SEARCH_PATHS = (
					"$(inherited)",
					"@executable_path/../Frameworks",
				);
				MACOSX_DEPLOYMENT_TARGET = 11.0;
				MARKETING_VERSION = 1.0;
				PRODUCT_BUNDLE_IDENTIFIER = com.tyomashin.MultiPlatformAppiOSAndMac;
				PRODUCT_NAME = MultiPlatformAppiOSAndMac;
				SDKROOT = macosx;
				SWIFT_EMIT_LOC_STRINGS = YES;
				SWIFT_VERSION = 5.0;
			};
			name = Debug;
		};
		7B981FD727896898002E24DF /* Release */ = {
			isa = XCBuildConfiguration;
			buildSettings = {
				ASSETCATALOG_COMPILER_APPICON_NAME = AppIcon;
				ASSETCATALOG_COMPILER_GLOBAL_ACCENT_COLOR_NAME = AccentColor;
				CODE_SIGN_ENTITLEMENTS = macOS/macOS.entitlements;
				CODE_SIGN_STYLE = Automatic;
				COMBINE_HIDPI_IMAGES = YES;
				CURRENT_PROJECT_VERSION = 1;
				DEVELOPMENT_TEAM = 38BV25GUUS;
				ENABLE_HARDENED_RUNTIME = YES;
				ENABLE_PREVIEWS = YES;
				GENERATE_INFOPLIST_FILE = YES;
				INFOPLIST_KEY_NSBluetoothAlwaysUsageDescription = "Privacy - Bluetooth Always Usage Description";
				INFOPLIST_KEY_NSBluetoothPeripheralUsageDescription = "Privacy - Bluetooth Peripheral Usage Description";
				INFOPLIST_KEY_NSHumanReadableCopyright = "";
				LD_RUNPATH_SEARCH_PATHS = (
					"$(inherited)",
					"@executable_path/../Frameworks",
				);
				MACOSX_DEPLOYMENT_TARGET = 11.0;
				MARKETING_VERSION = 1.0;
				PRODUCT_BUNDLE_IDENTIFIER = com.tyomashin.MultiPlatformAppiOSAndMac;
				PRODUCT_NAME = MultiPlatformAppiOSAndMac;
				SDKROOT = macosx;
				SWIFT_EMIT_LOC_STRINGS = YES;
				SWIFT_VERSION = 5.0;
			};
			name = Release;
		};
		7B981FD927896898002E24DF /* Debug */ = {
			isa = XCBuildConfiguration;
			buildSettings = {
				ALWAYS_EMBED_SWIFT_STANDARD_LIBRARIES = YES;
				CODE_SIGN_STYLE = Automatic;
				CURRENT_PROJECT_VERSION = 1;
				DEVELOPMENT_TEAM = 38BV25GUUS;
				GENERATE_INFOPLIST_FILE = YES;
				IPHONEOS_DEPLOYMENT_TARGET = 15.2;
				MARKETING_VERSION = 1.0;
				PRODUCT_BUNDLE_IDENTIFIER = "com.tyomashin.Tests-iOS";
				PRODUCT_NAME = "$(TARGET_NAME)";
				SDKROOT = iphoneos;
				SWIFT_EMIT_LOC_STRINGS = NO;
				SWIFT_VERSION = 5.0;
				TARGETED_DEVICE_FAMILY = "1,2";
				TEST_TARGET_NAME = "MultiPlatformAppiOSAndMac (iOS)";
			};
			name = Debug;
		};
		7B981FDA27896898002E24DF /* Release */ = {
			isa = XCBuildConfiguration;
			buildSettings = {
				ALWAYS_EMBED_SWIFT_STANDARD_LIBRARIES = YES;
				CODE_SIGN_STYLE = Automatic;
				CURRENT_PROJECT_VERSION = 1;
				DEVELOPMENT_TEAM = 38BV25GUUS;
				GENERATE_INFOPLIST_FILE = YES;
				IPHONEOS_DEPLOYMENT_TARGET = 15.2;
				MARKETING_VERSION = 1.0;
				PRODUCT_BUNDLE_IDENTIFIER = "com.tyomashin.Tests-iOS";
				PRODUCT_NAME = "$(TARGET_NAME)";
				SDKROOT = iphoneos;
				SWIFT_EMIT_LOC_STRINGS = NO;
				SWIFT_VERSION = 5.0;
				TARGETED_DEVICE_FAMILY = "1,2";
				TEST_TARGET_NAME = "MultiPlatformAppiOSAndMac (iOS)";
				VALIDATE_PRODUCT = YES;
			};
			name = Release;
		};
		7B981FDC27896898002E24DF /* Debug */ = {
			isa = XCBuildConfiguration;
			buildSettings = {
				ALWAYS_EMBED_SWIFT_STANDARD_LIBRARIES = YES;
				CODE_SIGN_STYLE = Automatic;
				CURRENT_PROJECT_VERSION = 1;
				DEVELOPMENT_TEAM = 38BV25GUUS;
				GENERATE_INFOPLIST_FILE = YES;
				MACOSX_DEPLOYMENT_TARGET = 11.6;
				MARKETING_VERSION = 1.0;
				PRODUCT_BUNDLE_IDENTIFIER = "com.tyomashin.Tests-macOS";
				PRODUCT_NAME = "$(TARGET_NAME)";
				SDKROOT = macosx;
				SWIFT_EMIT_LOC_STRINGS = NO;
				SWIFT_VERSION = 5.0;
				TEST_TARGET_NAME = "MultiPlatformAppiOSAndMac (macOS)";
			};
			name = Debug;
		};
		7B981FDD27896898002E24DF /* Release */ = {
			isa = XCBuildConfiguration;
			buildSettings = {
				ALWAYS_EMBED_SWIFT_STANDARD_LIBRARIES = YES;
				CODE_SIGN_STYLE = Automatic;
				CURRENT_PROJECT_VERSION = 1;
				DEVELOPMENT_TEAM = 38BV25GUUS;
				GENERATE_INFOPLIST_FILE = YES;
				MACOSX_DEPLOYMENT_TARGET = 11.6;
				MARKETING_VERSION = 1.0;
				PRODUCT_BUNDLE_IDENTIFIER = "com.tyomashin.Tests-macOS";
				PRODUCT_NAME = "$(TARGET_NAME)";
				SDKROOT = macosx;
				SWIFT_EMIT_LOC_STRINGS = NO;
				SWIFT_VERSION = 5.0;
				TEST_TARGET_NAME = "MultiPlatformAppiOSAndMac (macOS)";
			};
			name = Release;
		};
/* End XCBuildConfiguration section */

/* Begin XCConfigurationList section */
		7B981FA027896895002E24DF /* Build configuration list for PBXProject "MultiPlatformAppiOSAndMac" */ = {
			isa = XCConfigurationList;
			buildConfigurations = (
				7B981FD027896898002E24DF /* Debug */,
				7B981FD127896898002E24DF /* Release */,
			);
			defaultConfigurationIsVisible = 0;
			defaultConfigurationName = Release;
		};
		7B981FD227896898002E24DF /* Build configuration list for PBXNativeTarget "MultiPlatformAppiOS (iOS)" */ = {
			isa = XCConfigurationList;
			buildConfigurations = (
				7B981FD327896898002E24DF /* Debug */,
				7B981FD427896898002E24DF /* Release */,
			);
			defaultConfigurationIsVisible = 0;
			defaultConfigurationName = Release;
		};
		7B981FD527896898002E24DF /* Build configuration list for PBXNativeTarget "MultiPlatformAppMac (macOS)" */ = {
			isa = XCConfigurationList;
			buildConfigurations = (
				7B981FD627896898002E24DF /* Debug */,
				7B981FD727896898002E24DF /* Release */,
			);
			defaultConfigurationIsVisible = 0;
			defaultConfigurationName = Release;
		};
		7B981FD827896898002E24DF /* Build configuration list for PBXNativeTarget "Tests iOS" */ = {
			isa = XCConfigurationList;
			buildConfigurations = (
				7B981FD927896898002E24DF /* Debug */,
				7B981FDA27896898002E24DF /* Release */,
			);
			defaultConfigurationIsVisible = 0;
			defaultConfigurationName = Release;
		};
		7B981FDB27896898002E24DF /* Build configuration list for PBXNativeTarget "Tests macOS" */ = {
			isa = XCConfigurationList;
			buildConfigurations = (
				7B981FDC27896898002E24DF /* Debug */,
				7B981FDD27896898002E24DF /* Release */,
			);
			defaultConfigurationIsVisible = 0;
			defaultConfigurationName = Release;
		};
/* End XCConfigurationList section */

/* Begin XCSwiftPackageProductDependency section */
		7B981FF5278A2AD3002E24DF /* Entities */ = {
			isa = XCSwiftPackageProductDependency;
			productName = Entities;
		};
		7B981FF7278A2ADB002E24DF /* Entities */ = {
			isa = XCSwiftPackageProductDependency;
			productName = Entities;
		};
		7B982002278A2F00002E24DF /* Views */ = {
			isa = XCSwiftPackageProductDependency;
			productName = Views;
		};
		7B982007278A37F6002E24DF /* ViewModels */ = {
			isa = XCSwiftPackageProductDependency;
			productName = ViewModels;
		};
		7B982009278A37FC002E24DF /* AppFeature */ = {
			isa = XCSwiftPackageProductDependency;
			productName = AppFeature;
		};
		7B98200B278A3804002E24DF /* AppFeature */ = {
			isa = XCSwiftPackageProductDependency;
			productName = AppFeature;
		};
		7B98200D278A3804002E24DF /* ViewModels */ = {
			isa = XCSwiftPackageProductDependency;
			productName = ViewModels;
		};
		7B98200F278A3804002E24DF /* Views */ = {
			isa = XCSwiftPackageProductDependency;
			productName = Views;
		};
/* End XCSwiftPackageProductDependency section */
	};
	rootObject = 7B981F9D27896895002E24DF /* Project object */;
}
