// !$*UTF8*$!
{
	archiveVersion = 1;
	classes = {
	};
	objectVersion = 55;
	objects = {

/* Begin PBXBuildFile section */
		7B947E0D28435D0D004A5B48 /* AppDelegate.swift in Sources */ = {isa = PBXBuildFile; fileRef = 7B947E0C28435D0D004A5B48 /* AppDelegate.swift */; };
		7B947E0F28435D0D004A5B48 /* SceneDelegate.swift in Sources */ = {isa = PBXBuildFile; fileRef = 7B947E0E28435D0D004A5B48 /* SceneDelegate.swift */; };
		7B947E1128435D0D004A5B48 /* ViewController.swift in Sources */ = {isa = PBXBuildFile; fileRef = 7B947E1028435D0D004A5B48 /* ViewController.swift */; };
		7B947E1428435D0D004A5B48 /* Main.storyboard in Resources */ = {isa = PBXBuildFile; fileRef = 7B947E1228435D0D004A5B48 /* Main.storyboard */; };
		7B947E1628435D10004A5B48 /* Assets.xcassets in Resources */ = {isa = PBXBuildFile; fileRef = 7B947E1528435D10004A5B48 /* Assets.xcassets */; };
		7B947E1928435D10004A5B48 /* LaunchScreen.storyboard in Resources */ = {isa = PBXBuildFile; fileRef = 7B947E1728435D10004A5B48 /* LaunchScreen.storyboard */; };
		7B947E2228437560004A5B48 /* CoreTextModel.swift in Sources */ = {isa = PBXBuildFile; fileRef = 7B947E2128437560004A5B48 /* CoreTextModel.swift */; };
		7B947E252843C3C2004A5B48 /* TextKitModel.swift in Sources */ = {isa = PBXBuildFile; fileRef = 7B947E242843C3C1004A5B48 /* TextKitModel.swift */; };
		7B947E282843DF4B004A5B48 /* NSRange+Extension.swift in Sources */ = {isa = PBXBuildFile; fileRef = 7B947E272843DF4A004A5B48 /* NSRange+Extension.swift */; };
		7B947E2A2843DFB6004A5B48 /* CFArray+Extension.swift in Sources */ = {isa = PBXBuildFile; fileRef = 7B947E292843DFB6004A5B48 /* CFArray+Extension.swift */; };
/* End PBXBuildFile section */

/* Begin PBXFileReference section */
		7B947E0928435D0D004A5B48 /* CoreTextSample.app */ = {isa = PBXFileReference; explicitFileType = wrapper.application; includeInIndex = 0; path = CoreTextSample.app; sourceTree = BUILT_PRODUCTS_DIR; };
		7B947E0C28435D0D004A5B48 /* AppDelegate.swift */ = {isa = PBXFileReference; lastKnownFileType = sourcecode.swift; path = AppDelegate.swift; sourceTree = "<group>"; };
		7B947E0E28435D0D004A5B48 /* SceneDelegate.swift */ = {isa = PBXFileReference; lastKnownFileType = sourcecode.swift; path = SceneDelegate.swift; sourceTree = "<group>"; };
		7B947E1028435D0D004A5B48 /* ViewController.swift */ = {isa = PBXFileReference; lastKnownFileType = sourcecode.swift; path = ViewController.swift; sourceTree = "<group>"; };
		7B947E1328435D0D004A5B48 /* Base */ = {isa = PBXFileReference; lastKnownFileType = file.storyboard; name = Base; path = Base.lproj/Main.storyboard; sourceTree = "<group>"; };
		7B947E1528435D10004A5B48 /* Assets.xcassets */ = {isa = PBXFileReference; lastKnownFileType = folder.assetcatalog; path = Assets.xcassets; sourceTree = "<group>"; };
		7B947E1828435D10004A5B48 /* Base */ = {isa = PBXFileReference; lastKnownFileType = file.storyboard; name = Base; path = Base.lproj/LaunchScreen.storyboard; sourceTree = "<group>"; };
		7B947E1A28435D10004A5B48 /* Info.plist */ = {isa = PBXFileReference; lastKnownFileType = text.plist.xml; path = Info.plist; sourceTree = "<group>"; };
		7B947E2128437560004A5B48 /* CoreTextModel.swift */ = {isa = PBXFileReference; lastKnownFileType = sourcecode.swift; path = CoreTextModel.swift; sourceTree = "<group>"; };
		7B947E242843C3C1004A5B48 /* TextKitModel.swift */ = {isa = PBXFileReference; lastKnownFileType = sourcecode.swift; path = TextKitModel.swift; sourceTree = "<group>"; };
		7B947E272843DF4A004A5B48 /* NSRange+Extension.swift */ = {isa = PBXFileReference; lastKnownFileType = sourcecode.swift; path = "NSRange+Extension.swift"; sourceTree = "<group>"; };
		7B947E292843DFB6004A5B48 /* CFArray+Extension.swift */ = {isa = PBXFileReference; lastKnownFileType = sourcecode.swift; path = "CFArray+Extension.swift"; sourceTree = "<group>"; };
/* End PBXFileReference section */

/* Begin PBXFrameworksBuildPhase section */
		7B947E0628435D0D004A5B48 /* Frameworks */ = {
			isa = PBXFrameworksBuildPhase;
			buildActionMask = 2147483647;
			files = (
			);
			runOnlyForDeploymentPostprocessing = 0;
		};
/* End PBXFrameworksBuildPhase section */

/* Begin PBXGroup section */
		7B947E0028435D0D004A5B48 = {
			isa = PBXGroup;
			children = (
				7B947E0B28435D0D004A5B48 /* CoreTextSample */,
				7B947E0A28435D0D004A5B48 /* Products */,
			);
			sourceTree = "<group>";
		};
		7B947E0A28435D0D004A5B48 /* Products */ = {
			isa = PBXGroup;
			children = (
				7B947E0928435D0D004A5B48 /* CoreTextSample.app */,
			);
			name = Products;
			sourceTree = "<group>";
		};
		7B947E0B28435D0D004A5B48 /* CoreTextSample */ = {
			isa = PBXGroup;
			children = (
				7B947E262843DF36004A5B48 /* Extensions */,
				7B947E2028437553004A5B48 /* Model */,
				7B947E0C28435D0D004A5B48 /* AppDelegate.swift */,
				7B947E0E28435D0D004A5B48 /* SceneDelegate.swift */,
				7B947E1028435D0D004A5B48 /* ViewController.swift */,
				7B947E1228435D0D004A5B48 /* Main.storyboard */,
				7B947E1528435D10004A5B48 /* Assets.xcassets */,
				7B947E1728435D10004A5B48 /* LaunchScreen.storyboard */,
				7B947E1A28435D10004A5B48 /* Info.plist */,
			);
			path = CoreTextSample;
			sourceTree = "<group>";
		};
		7B947E2028437553004A5B48 /* Model */ = {
			isa = PBXGroup;
			children = (
				7B947E2128437560004A5B48 /* CoreTextModel.swift */,
				7B947E242843C3C1004A5B48 /* TextKitModel.swift */,
			);
			path = Model;
			sourceTree = "<group>";
		};
		7B947E262843DF36004A5B48 /* Extensions */ = {
			isa = PBXGroup;
			children = (
				7B947E272843DF4A004A5B48 /* NSRange+Extension.swift */,
				7B947E292843DFB6004A5B48 /* CFArray+Extension.swift */,
			);
			path = Extensions;
			sourceTree = "<group>";
		};
/* End PBXGroup section */

/* Begin PBXNativeTarget section */
		7B947E0828435D0D004A5B48 /* CoreTextSample */ = {
			isa = PBXNativeTarget;
			buildConfigurationList = 7B947E1D28435D10004A5B48 /* Build configuration list for PBXNativeTarget "CoreTextSample" */;
			buildPhases = (
				7B947E0528435D0D004A5B48 /* Sources */,
				7B947E0628435D0D004A5B48 /* Frameworks */,
				7B947E0728435D0D004A5B48 /* Resources */,
			);
			buildRules = (
			);
			dependencies = (
			);
			name = CoreTextSample;
			productName = CoreTextSample;
			productReference = 7B947E0928435D0D004A5B48 /* CoreTextSample.app */;
			productType = "com.apple.product-type.application";
		};
/* End PBXNativeTarget section */

/* Begin PBXProject section */
		7B947E0128435D0D004A5B48 /* Project object */ = {
			isa = PBXProject;
			attributes = {
				BuildIndependentTargetsInParallel = 1;
				LastSwiftUpdateCheck = 1340;
				LastUpgradeCheck = 1340;
				TargetAttributes = {
					7B947E0828435D0D004A5B48 = {
						CreatedOnToolsVersion = 13.4;
					};
				};
			};
			buildConfigurationList = 7B947E0428435D0D004A5B48 /* Build configuration list for PBXProject "CoreTextSample" */;
			compatibilityVersion = "Xcode 13.0";
			developmentRegion = en;
			hasScannedForEncodings = 0;
			knownRegions = (
				en,
				Base,
			);
			mainGroup = 7B947E0028435D0D004A5B48;
			productRefGroup = 7B947E0A28435D0D004A5B48 /* Products */;
			projectDirPath = "";
			projectRoot = "";
			targets = (
				7B947E0828435D0D004A5B48 /* CoreTextSample */,
			);
		};
/* End PBXProject section */

/* Begin PBXResourcesBuildPhase section */
		7B947E0728435D0D004A5B48 /* Resources */ = {
			isa = PBXResourcesBuildPhase;
			buildActionMask = 2147483647;
			files = (
				7B947E1928435D10004A5B48 /* LaunchScreen.storyboard in Resources */,
				7B947E1628435D10004A5B48 /* Assets.xcassets in Resources */,
				7B947E1428435D0D004A5B48 /* Main.storyboard in Resources */,
			);
			runOnlyForDeploymentPostprocessing = 0;
		};
/* End PBXResourcesBuildPhase section */

/* Begin PBXSourcesBuildPhase section */
		7B947E0528435D0D004A5B48 /* Sources */ = {
			isa = PBXSourcesBuildPhase;
			buildActionMask = 2147483647;
			files = (
				7B947E1128435D0D004A5B48 /* ViewController.swift in Sources */,
				7B947E2228437560004A5B48 /* CoreTextModel.swift in Sources */,
				7B947E282843DF4B004A5B48 /* NSRange+Extension.swift in Sources */,
				7B947E252843C3C2004A5B48 /* TextKitModel.swift in Sources */,
				7B947E0D28435D0D004A5B48 /* AppDelegate.swift in Sources */,
				7B947E0F28435D0D004A5B48 /* SceneDelegate.swift in Sources */,
				7B947E2A2843DFB6004A5B48 /* CFArray+Extension.swift in Sources */,
			);
			runOnlyForDeploymentPostprocessing = 0;
		};
/* End PBXSourcesBuildPhase section */

/* Begin PBXVariantGroup section */
		7B947E1228435D0D004A5B48 /* Main.storyboard */ = {
			isa = PBXVariantGroup;
			children = (
				7B947E1328435D0D004A5B48 /* Base */,
			);
			name = Main.storyboard;
			sourceTree = "<group>";
		};
		7B947E1728435D10004A5B48 /* LaunchScreen.storyboard */ = {
			isa = PBXVariantGroup;
			children = (
				7B947E1828435D10004A5B48 /* Base */,
			);
			name = LaunchScreen.storyboard;
			sourceTree = "<group>";
		};
/* End PBXVariantGroup section */

/* Begin XCBuildConfiguration section */
		7B947E1B28435D10004A5B48 /* Debug */ = {
			isa = XCBuildConfiguration;
			buildSettings = {
				ALWAYS_SEARCH_USER_PATHS = NO;
				CLANG_ANALYZER_NONNULL = YES;
				CLANG_ANALYZER_NUMBER_OBJECT_CONVERSION = YES_AGGRESSIVE;
				CLANG_CXX_LANGUAGE_STANDARD = "gnu++17";
				CLANG_ENABLE_MODULES = YES;
				CLANG_ENABLE_OBJC_ARC = YES;
				CLANG_ENABLE_OBJC_WEAK = YES;
				CLANG_WARN_BLOCK_CAPTURE_AUTORELEASING = YES;
				CLANG_WARN_BOOL_CONVERSION = YES;
				CLANG_WARN_COMMA = YES;
				CLANG_WARN_CONSTANT_CONVERSION = YES;
				CLANG_WARN_DEPRECATED_OBJC_IMPLEMENTATIONS = YES;
				CLANG_WARN_DIRECT_OBJC_ISA_USAGE = YES_ERROR;
				CLANG_WARN_DOCUMENTATION_COMMENTS = YES;
				CLANG_WARN_EMPTY_BODY = YES;
				CLANG_WARN_ENUM_CONVERSION = YES;
				CLANG_WARN_INFINITE_RECURSION = YES;
				CLANG_WARN_INT_CONVERSION = YES;
				CLANG_WARN_NON_LITERAL_NULL_CONVERSION = YES;
				CLANG_WARN_OBJC_IMPLICIT_RETAIN_SELF = YES;
				CLANG_WARN_OBJC_LITERAL_CONVERSION = YES;
				CLANG_WARN_OBJC_ROOT_CLASS = YES_ERROR;
				CLANG_WARN_QUOTED_INCLUDE_IN_FRAMEWORK_HEADER = YES;
				CLANG_WARN_RANGE_LOOP_ANALYSIS = YES;
				CLANG_WARN_STRICT_PROTOTYPES = YES;
				CLANG_WARN_SUSPICIOUS_MOVE = YES;
				CLANG_WARN_UNGUARDED_AVAILABILITY = YES_AGGRESSIVE;
				CLANG_WARN_UNREACHABLE_CODE = YES;
				CLANG_WARN__DUPLICATE_METHOD_MATCH = YES;
				COPY_PHASE_STRIP = NO;
				DEBUG_INFORMATION_FORMAT = dwarf;
				ENABLE_STRICT_OBJC_MSGSEND = YES;
				ENABLE_TESTABILITY = YES;
				GCC_C_LANGUAGE_STANDARD = gnu11;
				GCC_DYNAMIC_NO_PIC = NO;
				GCC_NO_COMMON_BLOCKS = YES;
				GCC_OPTIMIZATION_LEVEL = 0;
				GCC_PREPROCESSOR_DEFINITIONS = (
					"DEBUG=1",
					"$(inherited)",
				);
				GCC_WARN_64_TO_32_BIT_CONVERSION = YES;
				GCC_WARN_ABOUT_RETURN_TYPE = YES_ERROR;
				GCC_WARN_UNDECLARED_SELECTOR = YES;
				GCC_WARN_UNINITIALIZED_AUTOS = YES_AGGRESSIVE;
				GCC_WARN_UNUSED_FUNCTION = YES;
				GCC_WARN_UNUSED_VARIABLE = YES;
				IPHONEOS_DEPLOYMENT_TARGET = 15.5;
				MTL_ENABLE_DEBUG_INFO = INCLUDE_SOURCE;
				MTL_FAST_MATH = YES;
				ONLY_ACTIVE_ARCH = YES;
				SDKROOT = iphoneos;
				SWIFT_ACTIVE_COMPILATION_CONDITIONS = DEBUG;
				SWIFT_OPTIMIZATION_LEVEL = "-Onone";
			};
			name = Debug;
		};
		7B947E1C28435D10004A5B48 /* Release */ = {
			isa = XCBuildConfiguration;
			buildSettings = {
				ALWAYS_SEARCH_USER_PATHS = NO;
				CLANG_ANALYZER_NONNULL = YES;
				CLANG_ANALYZER_NUMBER_OBJECT_CONVERSION = YES_AGGRESSIVE;
				CLANG_CXX_LANGUAGE_STANDARD = "gnu++17";
				CLANG_ENABLE_MODULES = YES;
				CLANG_ENABLE_OBJC_ARC = YES;
				CLANG_ENABLE_OBJC_WEAK = YES;
				CLANG_WARN_BLOCK_CAPTURE_AUTORELEASING = YES;
				CLANG_WARN_BOOL_CONVERSION = YES;
				CLANG_WARN_COMMA = YES;
				CLANG_WARN_CONSTANT_CONVERSION = YES;
				CLANG_WARN_DEPRECATED_OBJC_IMPLEMENTATIONS = YES;
				CLANG_WARN_DIRECT_OBJC_ISA_USAGE = YES_ERROR;
				CLANG_WARN_DOCUMENTATION_COMMENTS = YES;
				CLANG_WARN_EMPTY_BODY = YES;
				CLANG_WARN_ENUM_CONVERSION = YES;
				CLANG_WARN_INFINITE_RECURSION = YES;
				CLANG_WARN_INT_CONVERSION = YES;
				CLANG_WARN_NON_LITERAL_NULL_CONVERSION = YES;
				CLANG_WARN_OBJC_IMPLICIT_RETAIN_SELF = YES;
				CLANG_WARN_OBJC_LITERAL_CONVERSION = YES;
				CLANG_WARN_OBJC_ROOT_CLASS = YES_ERROR;
				CLANG_WARN_QUOTED_INCLUDE_IN_FRAMEWORK_HEADER = YES;
				CLANG_WARN_RANGE_LOOP_ANALYSIS = YES;
				CLANG_WARN_STRICT_PROTOTYPES = YES;
				CLANG_WARN_SUSPICIOUS_MOVE = YES;
				CLANG_WARN_UNGUARDED_AVAILABILITY = YES_AGGRESSIVE;
				CLANG_WARN_UNREACHABLE_CODE = YES;
				CLANG_WARN__DUPLICATE_METHOD_MATCH = YES;
				COPY_PHASE_STRIP = NO;
				DEBUG_INFORMATION_FORMAT = "dwarf-with-dsym";
				ENABLE_NS_ASSERTIONS = NO;
				ENABLE_STRICT_OBJC_MSGSEND = YES;
				GCC_C_LANGUAGE_STANDARD = gnu11;
				GCC_NO_COMMON_BLOCKS = YES;
				GCC_WARN_64_TO_32_BIT_CONVERSION = YES;
				GCC_WARN_ABOUT_RETURN_TYPE = YES_ERROR;
				GCC_WARN_UNDECLARED_SELECTOR = YES;
				GCC_WARN_UNINITIALIZED_AUTOS = YES_AGGRESSIVE;
				GCC_WARN_UNUSED_FUNCTION = YES;
				GCC_WARN_UNUSED_VARIABLE = YES;
				IPHONEOS_DEPLOYMENT_TARGET = 15.5;
				MTL_ENABLE_DEBUG_INFO = NO;
				MTL_FAST_MATH = YES;
				SDKROOT = iphoneos;
				SWIFT_COMPILATION_MODE = wholemodule;
				SWIFT_OPTIMIZATION_LEVEL = "-O";
				VALIDATE_PRODUCT = YES;
			};
			name = Release;
		};
		7B947E1E28435D10004A5B48 /* Debug */ = {
			isa = XCBuildConfiguration;
			buildSettings = {
				ASSETCATALOG_COMPILER_APPICON_NAME = AppIcon;
				ASSETCATALOG_COMPILER_GLOBAL_ACCENT_COLOR_NAME = AccentColor;
				CODE_SIGN_STYLE = Automatic;
				CURRENT_PROJECT_VERSION = 1;
				DEVELOPMENT_TEAM = 38BV25GUUS;
				GENERATE_INFOPLIST_FILE = YES;
				INFOPLIST_FILE = CoreTextSample/Info.plist;
				INFOPLIST_KEY_UIApplicationSupportsIndirectInputEvents = YES;
				INFOPLIST_KEY_UILaunchStoryboardName = LaunchScreen;
				INFOPLIST_KEY_UIMainStoryboardFile = Main;
				INFOPLIST_KEY_UISupportedInterfaceOrientations_iPad = "UIInterfaceOrientationPortrait UIInterfaceOrientationPortraitUpsideDown UIInterfaceOrientationLandscapeLeft UIInterfaceOrientationLandscapeRight";
				INFOPLIST_KEY_UISupportedInterfaceOrientations_iPhone = "UIInterfaceOrientationPortrait UIInterfaceOrientationLandscapeLeft UIInterfaceOrientationLandscapeRight";
				LD_RUNPATH_SEARCH_PATHS = (
					"$(inherited)",
					"@executable_path/Frameworks",
				);
				MARKETING_VERSION = 1.0;
				PRODUCT_BUNDLE_IDENTIFIER = com.tyomashin.CoreTextSample;
				PRODUCT_NAME = "$(TARGET_NAME)";
				SWIFT_EMIT_LOC_STRINGS = YES;
				SWIFT_VERSION = 5.0;
				TARGETED_DEVICE_FAMILY = "1,2";
			};
			name = Debug;
		};
		7B947E1F28435D10004A5B48 /* Release */ = {
			isa = XCBuildConfiguration;
			buildSettings = {
				ASSETCATALOG_COMPILER_APPICON_NAME = AppIcon;
				ASSETCATALOG_COMPILER_GLOBAL_ACCENT_COLOR_NAME = AccentColor;
				CODE_SIGN_STYLE = Automatic;
				CURRENT_PROJECT_VERSION = 1;
				DEVELOPMENT_TEAM = 38BV25GUUS;
				GENERATE_INFOPLIST_FILE = YES;
				INFOPLIST_FILE = CoreTextSample/Info.plist;
				INFOPLIST_KEY_UIApplicationSupportsIndirectInputEvents = YES;
				INFOPLIST_KEY_UILaunchStoryboardName = LaunchScreen;
				INFOPLIST_KEY_UIMainStoryboardFile = Main;
				INFOPLIST_KEY_UISupportedInterfaceOrientations_iPad = "UIInterfaceOrientationPortrait UIInterfaceOrientationPortraitUpsideDown UIInterfaceOrientationLandscapeLeft UIInterfaceOrientationLandscapeRight";
				INFOPLIST_KEY_UISupportedInterfaceOrientations_iPhone = "UIInterfaceOrientationPortrait UIInterfaceOrientationLandscapeLeft UIInterfaceOrientationLandscapeRight";
				LD_RUNPATH_SEARCH_PATHS = (
					"$(inherited)",
					"@executable_path/Frameworks",
				);
				MARKETING_VERSION = 1.0;
				PRODUCT_BUNDLE_IDENTIFIER = com.tyomashin.CoreTextSample;
				PRODUCT_NAME = "$(TARGET_NAME)";
				SWIFT_EMIT_LOC_STRINGS = YES;
				SWIFT_VERSION = 5.0;
				TARGETED_DEVICE_FAMILY = "1,2";
			};
			name = Release;
		};
/* End XCBuildConfiguration section */

/* Begin XCConfigurationList section */
		7B947E0428435D0D004A5B48 /* Build configuration list for PBXProject "CoreTextSample" */ = {
			isa = XCConfigurationList;
			buildConfigurations = (
				7B947E1B28435D10004A5B48 /* Debug */,
				7B947E1C28435D10004A5B48 /* Release */,
			);
			defaultConfigurationIsVisible = 0;
			defaultConfigurationName = Release;
		};
		7B947E1D28435D10004A5B48 /* Build configuration list for PBXNativeTarget "CoreTextSample" */ = {
			isa = XCConfigurationList;
			buildConfigurations = (
				7B947E1E28435D10004A5B48 /* Debug */,
				7B947E1F28435D10004A5B48 /* Release */,
			);
			defaultConfigurationIsVisible = 0;
			defaultConfigurationName = Release;
		};
/* End XCConfigurationList section */
	};
	rootObject = 7B947E0128435D0D004A5B48 /* Project object */;
}
