// !$*UTF8*$!
{
	archiveVersion = 1;
	classes = {
	};
	objectVersion = 55;
	objects = {

/* Begin PBXBuildFile section */
		7BA9EDF8282B7DB10032EB01 /* AppDelegate.swift in Sources */ = {isa = PBXBuildFile; fileRef = 7BA9EDF7282B7DB10032EB01 /* AppDelegate.swift */; };
		7BA9EDFA282B7DB10032EB01 /* SceneDelegate.swift in Sources */ = {isa = PBXBuildFile; fileRef = 7BA9EDF9282B7DB10032EB01 /* SceneDelegate.swift */; };
		7BA9EDFC282B7DB10032EB01 /* ViewController.swift in Sources */ = {isa = PBXBuildFile; fileRef = 7BA9EDFB282B7DB10032EB01 /* ViewController.swift */; };
		7BA9EDFF282B7DB10032EB01 /* Main.storyboard in Resources */ = {isa = PBXBuildFile; fileRef = 7BA9EDFD282B7DB10032EB01 /* Main.storyboard */; };
		7BA9EE01282B7DB20032EB01 /* Assets.xcassets in Resources */ = {isa = PBXBuildFile; fileRef = 7BA9EE00282B7DB20032EB01 /* Assets.xcassets */; };
		7BA9EE04282B7DB20032EB01 /* LaunchScreen.storyboard in Resources */ = {isa = PBXBuildFile; fileRef = 7BA9EE02282B7DB20032EB01 /* LaunchScreen.storyboard */; };
		7BA9EE0C282B85D80032EB01 /* EventManager.swift in Sources */ = {isa = PBXBuildFile; fileRef = 7BA9EE0B282B85D80032EB01 /* EventManager.swift */; };
		7BA9EE0F282BA7C00032EB01 /* DateModel.swift in Sources */ = {isa = PBXBuildFile; fileRef = 7BA9EE0E282BA7BF0032EB01 /* DateModel.swift */; };
		7BA9EE11282CF3F80032EB01 /* Extensions.swift in Sources */ = {isa = PBXBuildFile; fileRef = 7BA9EE10282CF3F80032EB01 /* Extensions.swift */; };
/* End PBXBuildFile section */

/* Begin PBXFileReference section */
		7BA9EDF4282B7DB10032EB01 /* EventKitSample.app */ = {isa = PBXFileReference; explicitFileType = wrapper.application; includeInIndex = 0; path = EventKitSample.app; sourceTree = BUILT_PRODUCTS_DIR; };
		7BA9EDF7282B7DB10032EB01 /* AppDelegate.swift */ = {isa = PBXFileReference; lastKnownFileType = sourcecode.swift; path = AppDelegate.swift; sourceTree = "<group>"; };
		7BA9EDF9282B7DB10032EB01 /* SceneDelegate.swift */ = {isa = PBXFileReference; lastKnownFileType = sourcecode.swift; path = SceneDelegate.swift; sourceTree = "<group>"; };
		7BA9EDFB282B7DB10032EB01 /* ViewController.swift */ = {isa = PBXFileReference; lastKnownFileType = sourcecode.swift; path = ViewController.swift; sourceTree = "<group>"; };
		7BA9EDFE282B7DB10032EB01 /* Base */ = {isa = PBXFileReference; lastKnownFileType = file.storyboard; name = Base; path = Base.lproj/Main.storyboard; sourceTree = "<group>"; };
		7BA9EE00282B7DB20032EB01 /* Assets.xcassets */ = {isa = PBXFileReference; lastKnownFileType = folder.assetcatalog; path = Assets.xcassets; sourceTree = "<group>"; };
		7BA9EE03282B7DB20032EB01 /* Base */ = {isa = PBXFileReference; lastKnownFileType = file.storyboard; name = Base; path = Base.lproj/LaunchScreen.storyboard; sourceTree = "<group>"; };
		7BA9EE05282B7DB20032EB01 /* Info.plist */ = {isa = PBXFileReference; lastKnownFileType = text.plist.xml; path = Info.plist; sourceTree = "<group>"; };
		7BA9EE0B282B85D80032EB01 /* EventManager.swift */ = {isa = PBXFileReference; lastKnownFileType = sourcecode.swift; path = EventManager.swift; sourceTree = "<group>"; };
		7BA9EE0E282BA7BF0032EB01 /* DateModel.swift */ = {isa = PBXFileReference; lastKnownFileType = sourcecode.swift; path = DateModel.swift; sourceTree = "<group>"; };
		7BA9EE10282CF3F80032EB01 /* Extensions.swift */ = {isa = PBXFileReference; lastKnownFileType = sourcecode.swift; path = Extensions.swift; sourceTree = "<group>"; };
/* End PBXFileReference section */

/* Begin PBXFrameworksBuildPhase section */
		7BA9EDF1282B7DB10032EB01 /* Frameworks */ = {
			isa = PBXFrameworksBuildPhase;
			buildActionMask = 2147483647;
			files = (
			);
			runOnlyForDeploymentPostprocessing = 0;
		};
/* End PBXFrameworksBuildPhase section */

/* Begin PBXGroup section */
		7BA9EDEB282B7DB10032EB01 = {
			isa = PBXGroup;
			children = (
				7BA9EDF6282B7DB10032EB01 /* EventKitSample */,
				7BA9EDF5282B7DB10032EB01 /* Products */,
			);
			sourceTree = "<group>";
		};
		7BA9EDF5282B7DB10032EB01 /* Products */ = {
			isa = PBXGroup;
			children = (
				7BA9EDF4282B7DB10032EB01 /* EventKitSample.app */,
			);
			name = Products;
			sourceTree = "<group>";
		};
		7BA9EDF6282B7DB10032EB01 /* EventKitSample */ = {
			isa = PBXGroup;
			children = (
				7BA9EE12282CF3FE0032EB01 /* Extensions */,
				7BA9EE0D282BA7B50032EB01 /* Model */,
				7BA9EDF7282B7DB10032EB01 /* AppDelegate.swift */,
				7BA9EDF9282B7DB10032EB01 /* SceneDelegate.swift */,
				7BA9EDFB282B7DB10032EB01 /* ViewController.swift */,
				7BA9EDFD282B7DB10032EB01 /* Main.storyboard */,
				7BA9EE00282B7DB20032EB01 /* Assets.xcassets */,
				7BA9EE02282B7DB20032EB01 /* LaunchScreen.storyboard */,
				7BA9EE05282B7DB20032EB01 /* Info.plist */,
			);
			path = EventKitSample;
			sourceTree = "<group>";
		};
		7BA9EE0D282BA7B50032EB01 /* Model */ = {
			isa = PBXGroup;
			children = (
				7BA9EE0B282B85D80032EB01 /* EventManager.swift */,
				7BA9EE0E282BA7BF0032EB01 /* DateModel.swift */,
			);
			path = Model;
			sourceTree = "<group>";
		};
		7BA9EE12282CF3FE0032EB01 /* Extensions */ = {
			isa = PBXGroup;
			children = (
				7BA9EE10282CF3F80032EB01 /* Extensions.swift */,
			);
			path = Extensions;
			sourceTree = "<group>";
		};
/* End PBXGroup section */

/* Begin PBXNativeTarget section */
		7BA9EDF3282B7DB10032EB01 /* EventKitSample */ = {
			isa = PBXNativeTarget;
			buildConfigurationList = 7BA9EE08282B7DB20032EB01 /* Build configuration list for PBXNativeTarget "EventKitSample" */;
			buildPhases = (
				7BA9EDF0282B7DB10032EB01 /* Sources */,
				7BA9EDF1282B7DB10032EB01 /* Frameworks */,
				7BA9EDF2282B7DB10032EB01 /* Resources */,
			);
			buildRules = (
			);
			dependencies = (
			);
			name = EventKitSample;
			productName = EventKitSample;
			productReference = 7BA9EDF4282B7DB10032EB01 /* EventKitSample.app */;
			productType = "com.apple.product-type.application";
		};
/* End PBXNativeTarget section */

/* Begin PBXProject section */
		7BA9EDEC282B7DB10032EB01 /* Project object */ = {
			isa = PBXProject;
			attributes = {
				BuildIndependentTargetsInParallel = 1;
				LastSwiftUpdateCheck = 1330;
				LastUpgradeCheck = 1330;
				TargetAttributes = {
					7BA9EDF3282B7DB10032EB01 = {
						CreatedOnToolsVersion = 13.3.1;
					};
				};
			};
			buildConfigurationList = 7BA9EDEF282B7DB10032EB01 /* Build configuration list for PBXProject "EventKitSample" */;
			compatibilityVersion = "Xcode 13.0";
			developmentRegion = en;
			hasScannedForEncodings = 0;
			knownRegions = (
				en,
				Base,
			);
			mainGroup = 7BA9EDEB282B7DB10032EB01;
			productRefGroup = 7BA9EDF5282B7DB10032EB01 /* Products */;
			projectDirPath = "";
			projectRoot = "";
			targets = (
				7BA9EDF3282B7DB10032EB01 /* EventKitSample */,
			);
		};
/* End PBXProject section */

/* Begin PBXResourcesBuildPhase section */
		7BA9EDF2282B7DB10032EB01 /* Resources */ = {
			isa = PBXResourcesBuildPhase;
			buildActionMask = 2147483647;
			files = (
				7BA9EE04282B7DB20032EB01 /* LaunchScreen.storyboard in Resources */,
				7BA9EE01282B7DB20032EB01 /* Assets.xcassets in Resources */,
				7BA9EDFF282B7DB10032EB01 /* Main.storyboard in Resources */,
			);
			runOnlyForDeploymentPostprocessing = 0;
		};
/* End PBXResourcesBuildPhase section */

/* Begin PBXSourcesBuildPhase section */
		7BA9EDF0282B7DB10032EB01 /* Sources */ = {
			isa = PBXSourcesBuildPhase;
			buildActionMask = 2147483647;
			files = (
				7BA9EE0F282BA7C00032EB01 /* DateModel.swift in Sources */,
				7BA9EE11282CF3F80032EB01 /* Extensions.swift in Sources */,
				7BA9EDFC282B7DB10032EB01 /* ViewController.swift in Sources */,
				7BA9EDF8282B7DB10032EB01 /* AppDelegate.swift in Sources */,
				7BA9EE0C282B85D80032EB01 /* EventManager.swift in Sources */,
				7BA9EDFA282B7DB10032EB01 /* SceneDelegate.swift in Sources */,
			);
			runOnlyForDeploymentPostprocessing = 0;
		};
/* End PBXSourcesBuildPhase section */

/* Begin PBXVariantGroup section */
		7BA9EDFD282B7DB10032EB01 /* Main.storyboard */ = {
			isa = PBXVariantGroup;
			children = (
				7BA9EDFE282B7DB10032EB01 /* Base */,
			);
			name = Main.storyboard;
			sourceTree = "<group>";
		};
		7BA9EE02282B7DB20032EB01 /* LaunchScreen.storyboard */ = {
			isa = PBXVariantGroup;
			children = (
				7BA9EE03282B7DB20032EB01 /* Base */,
			);
			name = LaunchScreen.storyboard;
			sourceTree = "<group>";
		};
/* End PBXVariantGroup section */

/* Begin XCBuildConfiguration section */
		7BA9EE06282B7DB20032EB01 /* Debug */ = {
			isa = XCBuildConfiguration;
			buildSettings = {
				ALWAYS_SEARCH_USER_PATHS = NO;
				CLANG_ANALYZER_NONNULL = YES;
				CLANG_ANALYZER_NUMBER_OBJECT_CONVERSION = YES_AGGRESSIVE;
				CLANG_CXX_LANGUAGE_STANDARD = "gnu++17";
				CLANG_ENABLE_MODULES = YES;
				CLANG_ENABLE_OBJC_ARC = YES;
				CLANG_ENABLE_OBJC_WEAK = YES;
				CLANG_WARN_BLOCK_CAPTURE_AUTORELEASING = YES;
				CLANG_WARN_BOOL_CONVERSION = YES;
				CLANG_WARN_COMMA = YES;
				CLANG_WARN_CONSTANT_CONVERSION = YES;
				CLANG_WARN_DEPRECATED_OBJC_IMPLEMENTATIONS = YES;
				CLANG_WARN_DIRECT_OBJC_ISA_USAGE = YES_ERROR;
				CLANG_WARN_DOCUMENTATION_COMMENTS = YES;
				CLANG_WARN_EMPTY_BODY = YES;
				CLANG_WARN_ENUM_CONVERSION = YES;
				CLANG_WARN_INFINITE_RECURSION = YES;
				CLANG_WARN_INT_CONVERSION = YES;
				CLANG_WARN_NON_LITERAL_NULL_CONVERSION = YES;
				CLANG_WARN_OBJC_IMPLICIT_RETAIN_SELF = YES;
				CLANG_WARN_OBJC_LITERAL_CONVERSION = YES;
				CLANG_WARN_OBJC_ROOT_CLASS = YES_ERROR;
				CLANG_WARN_QUOTED_INCLUDE_IN_FRAMEWORK_HEADER = YES;
				CLANG_WARN_RANGE_LOOP_ANALYSIS = YES;
				CLANG_WARN_STRICT_PROTOTYPES = YES;
				CLANG_WARN_SUSPICIOUS_MOVE = YES;
				CLANG_WARN_UNGUARDED_AVAILABILITY = YES_AGGRESSIVE;
				CLANG_WARN_UNREACHABLE_CODE = YES;
				CLANG_WARN__DUPLICATE_METHOD_MATCH = YES;
				COPY_PHASE_STRIP = NO;
				DEBUG_INFORMATION_FORMAT = dwarf;
				ENABLE_STRICT_OBJC_MSGSEND = YES;
				ENABLE_TESTABILITY = YES;
				GCC_C_LANGUAGE_STANDARD = gnu11;
				GCC_DYNAMIC_NO_PIC = NO;
				GCC_NO_COMMON_BLOCKS = YES;
				GCC_OPTIMIZATION_LEVEL = 0;
				GCC_PREPROCESSOR_DEFINITIONS = (
					"DEBUG=1",
					"$(inherited)",
				);
				GCC_WARN_64_TO_32_BIT_CONVERSION = YES;
				GCC_WARN_ABOUT_RETURN_TYPE = YES_ERROR;
				GCC_WARN_UNDECLARED_SELECTOR = YES;
				GCC_WARN_UNINITIALIZED_AUTOS = YES_AGGRESSIVE;
				GCC_WARN_UNUSED_FUNCTION = YES;
				GCC_WARN_UNUSED_VARIABLE = YES;
				IPHONEOS_DEPLOYMENT_TARGET = 15.4;
				MTL_ENABLE_DEBUG_INFO = INCLUDE_SOURCE;
				MTL_FAST_MATH = YES;
				ONLY_ACTIVE_ARCH = YES;
				SDKROOT = iphoneos;
				SWIFT_ACTIVE_COMPILATION_CONDITIONS = DEBUG;
				SWIFT_OPTIMIZATION_LEVEL = "-Onone";
			};
			name = Debug;
		};
		7BA9EE07282B7DB20032EB01 /* Release */ = {
			isa = XCBuildConfiguration;
			buildSettings = {
				ALWAYS_SEARCH_USER_PATHS = NO;
				CLANG_ANALYZER_NONNULL = YES;
				CLANG_ANALYZER_NUMBER_OBJECT_CONVERSION = YES_AGGRESSIVE;
				CLANG_CXX_LANGUAGE_STANDARD = "gnu++17";
				CLANG_ENABLE_MODULES = YES;
				CLANG_ENABLE_OBJC_ARC = YES;
				CLANG_ENABLE_OBJC_WEAK = YES;
				CLANG_WARN_BLOCK_CAPTURE_AUTORELEASING = YES;
				CLANG_WARN_BOOL_CONVERSION = YES;
				CLANG_WARN_COMMA = YES;
				CLANG_WARN_CONSTANT_CONVERSION = YES;
				CLANG_WARN_DEPRECATED_OBJC_IMPLEMENTATIONS = YES;
				CLANG_WARN_DIRECT_OBJC_ISA_USAGE = YES_ERROR;
				CLANG_WARN_DOCUMENTATION_COMMENTS = YES;
				CLANG_WARN_EMPTY_BODY = YES;
				CLANG_WARN_ENUM_CONVERSION = YES;
				CLANG_WARN_INFINITE_RECURSION = YES;
				CLANG_WARN_INT_CONVERSION = YES;
				CLANG_WARN_NON_LITERAL_NULL_CONVERSION = YES;
				CLANG_WARN_OBJC_IMPLICIT_RETAIN_SELF = YES;
				CLANG_WARN_OBJC_LITERAL_CONVERSION = YES;
				CLANG_WARN_OBJC_ROOT_CLASS = YES_ERROR;
				CLANG_WARN_QUOTED_INCLUDE_IN_FRAMEWORK_HEADER = YES;
				CLANG_WARN_RANGE_LOOP_ANALYSIS = YES;
				CLANG_WARN_STRICT_PROTOTYPES = YES;
				CLANG_WARN_SUSPICIOUS_MOVE = YES;
				CLANG_WARN_UNGUARDED_AVAILABILITY = YES_AGGRESSIVE;
				CLANG_WARN_UNREACHABLE_CODE = YES;
				CLANG_WARN__DUPLICATE_METHOD_MATCH = YES;
				COPY_PHASE_STRIP = NO;
				DEBUG_INFORMATION_FORMAT = "dwarf-with-dsym";
				ENABLE_NS_ASSERTIONS = NO;
				ENABLE_STRICT_OBJC_MSGSEND = YES;
				GCC_C_LANGUAGE_STANDARD = gnu11;
				GCC_NO_COMMON_BLOCKS = YES;
				GCC_WARN_64_TO_32_BIT_CONVERSION = YES;
				GCC_WARN_ABOUT_RETURN_TYPE = YES_ERROR;
				GCC_WARN_UNDECLARED_SELECTOR = YES;
				GCC_WARN_UNINITIALIZED_AUTOS = YES_AGGRESSIVE;
				GCC_WARN_UNUSED_FUNCTION = YES;
				GCC_WARN_UNUSED_VARIABLE = YES;
				IPHONEOS_DEPLOYMENT_TARGET = 15.4;
				MTL_ENABLE_DEBUG_INFO = NO;
				MTL_FAST_MATH = YES;
				SDKROOT = iphoneos;
				SWIFT_COMPILATION_MODE = wholemodule;
				SWIFT_OPTIMIZATION_LEVEL = "-O";
				VALIDATE_PRODUCT = YES;
			};
			name = Release;
		};
		7BA9EE09282B7DB20032EB01 /* Debug */ = {
			isa = XCBuildConfiguration;
			buildSettings = {
				ASSETCATALOG_COMPILER_APPICON_NAME = AppIcon;
				ASSETCATALOG_COMPILER_GLOBAL_ACCENT_COLOR_NAME = AccentColor;
				CODE_SIGN_STYLE = Automatic;
				CURRENT_PROJECT_VERSION = 1;
				DEVELOPMENT_TEAM = 38BV25GUUS;
				GENERATE_INFOPLIST_FILE = YES;
				INFOPLIST_FILE = EventKitSample/Info.plist;
				INFOPLIST_KEY_NSCalendarsUsageDescription = "";
				INFOPLIST_KEY_UIApplicationSupportsIndirectInputEvents = YES;
				INFOPLIST_KEY_UILaunchStoryboardName = LaunchScreen;
				INFOPLIST_KEY_UIMainStoryboardFile = Main;
				INFOPLIST_KEY_UISupportedInterfaceOrientations_iPad = "UIInterfaceOrientationPortrait UIInterfaceOrientationPortraitUpsideDown UIInterfaceOrientationLandscapeLeft UIInterfaceOrientationLandscapeRight";
				INFOPLIST_KEY_UISupportedInterfaceOrientations_iPhone = "UIInterfaceOrientationPortrait UIInterfaceOrientationLandscapeLeft UIInterfaceOrientationLandscapeRight";
				LD_RUNPATH_SEARCH_PATHS = (
					"$(inherited)",
					"@executable_path/Frameworks",
				);
				MARKETING_VERSION = 1.0;
				PRODUCT_BUNDLE_IDENTIFIER = com.tyomashin.EventKitSample;
				PRODUCT_NAME = "$(TARGET_NAME)";
				SWIFT_EMIT_LOC_STRINGS = YES;
				SWIFT_VERSION = 5.0;
				TARGETED_DEVICE_FAMILY = "1,2";
			};
			name = Debug;
		};
		7BA9EE0A282B7DB20032EB01 /* Release */ = {
			isa = XCBuildConfiguration;
			buildSettings = {
				ASSETCATALOG_COMPILER_APPICON_NAME = AppIcon;
				ASSETCATALOG_COMPILER_GLOBAL_ACCENT_COLOR_NAME = AccentColor;
				CODE_SIGN_STYLE = Automatic;
				CURRENT_PROJECT_VERSION = 1;
				DEVELOPMENT_TEAM = 38BV25GUUS;
				GENERATE_INFOPLIST_FILE = YES;
				INFOPLIST_FILE = EventKitSample/Info.plist;
				INFOPLIST_KEY_NSCalendarsUsageDescription = "";
				INFOPLIST_KEY_UIApplicationSupportsIndirectInputEvents = YES;
				INFOPLIST_KEY_UILaunchStoryboardName = LaunchScreen;
				INFOPLIST_KEY_UIMainStoryboardFile = Main;
				INFOPLIST_KEY_UISupportedInterfaceOrientations_iPad = "UIInterfaceOrientationPortrait UIInterfaceOrientationPortraitUpsideDown UIInterfaceOrientationLandscapeLeft UIInterfaceOrientationLandscapeRight";
				INFOPLIST_KEY_UISupportedInterfaceOrientations_iPhone = "UIInterfaceOrientationPortrait UIInterfaceOrientationLandscapeLeft UIInterfaceOrientationLandscapeRight";
				LD_RUNPATH_SEARCH_PATHS = (
					"$(inherited)",
					"@executable_path/Frameworks",
				);
				MARKETING_VERSION = 1.0;
				PRODUCT_BUNDLE_IDENTIFIER = com.tyomashin.EventKitSample;
				PRODUCT_NAME = "$(TARGET_NAME)";
				SWIFT_EMIT_LOC_STRINGS = YES;
				SWIFT_VERSION = 5.0;
				TARGETED_DEVICE_FAMILY = "1,2";
			};
			name = Release;
		};
/* End XCBuildConfiguration section */

/* Begin XCConfigurationList section */
		7BA9EDEF282B7DB10032EB01 /* Build configuration list for PBXProject "EventKitSample" */ = {
			isa = XCConfigurationList;
			buildConfigurations = (
				7BA9EE06282B7DB20032EB01 /* Debug */,
				7BA9EE07282B7DB20032EB01 /* Release */,
			);
			defaultConfigurationIsVisible = 0;
			defaultConfigurationName = Release;
		};
		7BA9EE08282B7DB20032EB01 /* Build configuration list for PBXNativeTarget "EventKitSample" */ = {
			isa = XCConfigurationList;
			buildConfigurations = (
				7BA9EE09282B7DB20032EB01 /* Debug */,
				7BA9EE0A282B7DB20032EB01 /* Release */,
			);
			defaultConfigurationIsVisible = 0;
			defaultConfigurationName = Release;
		};
/* End XCConfigurationList section */
	};
	rootObject = 7BA9EDEC282B7DB10032EB01 /* Project object */;
}
