// !$*UTF8*$!
{
	archiveVersion = 1;
	classes = {
	};
	objectVersion = 50;
	objects = {

/* Begin PBXBuildFile section */
		7BC87455263340DD000A63EC /* AppDelegate.swift in Sources */ = {isa = PBXBuildFile; fileRef = 7BC87454263340DD000A63EC /* AppDelegate.swift */; };
		7BC87459263340DD000A63EC /* ViewController.swift in Sources */ = {isa = PBXBuildFile; fileRef = 7BC87458263340DD000A63EC /* ViewController.swift */; };
		7BC8745C263340DD000A63EC /* Main.storyboard in Resources */ = {isa = PBXBuildFile; fileRef = 7BC8745A263340DD000A63EC /* Main.storyboard */; };
		7BC8745E263340DF000A63EC /* Assets.xcassets in Resources */ = {isa = PBXBuildFile; fileRef = 7BC8745D263340DF000A63EC /* Assets.xcassets */; };
		7BC87461263340DF000A63EC /* LaunchScreen.storyboard in Resources */ = {isa = PBXBuildFile; fileRef = 7BC8745F263340DF000A63EC /* LaunchScreen.storyboard */; };
		7BC8746C263340E0000A63EC /* PropertyWrapperSampleTests.swift in Sources */ = {isa = PBXBuildFile; fileRef = 7BC8746B263340E0000A63EC /* PropertyWrapperSampleTests.swift */; };
		7BC87477263340E0000A63EC /* PropertyWrapperSampleUITests.swift in Sources */ = {isa = PBXBuildFile; fileRef = 7BC87476263340E0000A63EC /* PropertyWrapperSampleUITests.swift */; };
		7BC8748826334107000A63EC /* MyUserDefaults.swift in Sources */ = {isa = PBXBuildFile; fileRef = 7BC8748726334107000A63EC /* MyUserDefaults.swift */; };
		7BC8749626334180000A63EC /* AppData.swift in Sources */ = {isa = PBXBuildFile; fileRef = 7BC8749526334180000A63EC /* AppData.swift */; };
/* End PBXBuildFile section */

/* Begin PBXContainerItemProxy section */
		7BC87468263340E0000A63EC /* PBXContainerItemProxy */ = {
			isa = PBXContainerItemProxy;
			containerPortal = 7BC87449263340DD000A63EC /* Project object */;
			proxyType = 1;
			remoteGlobalIDString = 7BC87450263340DD000A63EC;
			remoteInfo = PropertyWrapperSample;
		};
		7BC87473263340E0000A63EC /* PBXContainerItemProxy */ = {
			isa = PBXContainerItemProxy;
			containerPortal = 7BC87449263340DD000A63EC /* Project object */;
			proxyType = 1;
			remoteGlobalIDString = 7BC87450263340DD000A63EC;
			remoteInfo = PropertyWrapperSample;
		};
/* End PBXContainerItemProxy section */

/* Begin PBXFileReference section */
		7BC87451263340DD000A63EC /* PropertyWrapperSample.app */ = {isa = PBXFileReference; explicitFileType = wrapper.application; includeInIndex = 0; path = PropertyWrapperSample.app; sourceTree = BUILT_PRODUCTS_DIR; };
		7BC87454263340DD000A63EC /* AppDelegate.swift */ = {isa = PBXFileReference; lastKnownFileType = sourcecode.swift; path = AppDelegate.swift; sourceTree = "<group>"; };
		7BC87458263340DD000A63EC /* ViewController.swift */ = {isa = PBXFileReference; lastKnownFileType = sourcecode.swift; path = ViewController.swift; sourceTree = "<group>"; };
		7BC8745B263340DD000A63EC /* Base */ = {isa = PBXFileReference; lastKnownFileType = file.storyboard; name = Base; path = Base.lproj/Main.storyboard; sourceTree = "<group>"; };
		7BC8745D263340DF000A63EC /* Assets.xcassets */ = {isa = PBXFileReference; lastKnownFileType = folder.assetcatalog; path = Assets.xcassets; sourceTree = "<group>"; };
		7BC87460263340DF000A63EC /* Base */ = {isa = PBXFileReference; lastKnownFileType = file.storyboard; name = Base; path = Base.lproj/LaunchScreen.storyboard; sourceTree = "<group>"; };
		7BC87462263340DF000A63EC /* Info.plist */ = {isa = PBXFileReference; lastKnownFileType = text.plist.xml; path = Info.plist; sourceTree = "<group>"; };
		7BC87467263340E0000A63EC /* PropertyWrapperSampleTests.xctest */ = {isa = PBXFileReference; explicitFileType = wrapper.cfbundle; includeInIndex = 0; path = PropertyWrapperSampleTests.xctest; sourceTree = BUILT_PRODUCTS_DIR; };
		7BC8746B263340E0000A63EC /* PropertyWrapperSampleTests.swift */ = {isa = PBXFileReference; lastKnownFileType = sourcecode.swift; path = PropertyWrapperSampleTests.swift; sourceTree = "<group>"; };
		7BC8746D263340E0000A63EC /* Info.plist */ = {isa = PBXFileReference; lastKnownFileType = text.plist.xml; path = Info.plist; sourceTree = "<group>"; };
		7BC87472263340E0000A63EC /* PropertyWrapperSampleUITests.xctest */ = {isa = PBXFileReference; explicitFileType = wrapper.cfbundle; includeInIndex = 0; path = PropertyWrapperSampleUITests.xctest; sourceTree = BUILT_PRODUCTS_DIR; };
		7BC87476263340E0000A63EC /* PropertyWrapperSampleUITests.swift */ = {isa = PBXFileReference; lastKnownFileType = sourcecode.swift; path = PropertyWrapperSampleUITests.swift; sourceTree = "<group>"; };
		7BC87478263340E0000A63EC /* Info.plist */ = {isa = PBXFileReference; lastKnownFileType = text.plist.xml; path = Info.plist; sourceTree = "<group>"; };
		7BC8748726334107000A63EC /* MyUserDefaults.swift */ = {isa = PBXFileReference; lastKnownFileType = sourcecode.swift; path = MyUserDefaults.swift; sourceTree = "<group>"; };
		7BC8749526334180000A63EC /* AppData.swift */ = {isa = PBXFileReference; lastKnownFileType = sourcecode.swift; path = AppData.swift; sourceTree = "<group>"; };
/* End PBXFileReference section */

/* Begin PBXFrameworksBuildPhase section */
		7BC8744E263340DD000A63EC /* Frameworks */ = {
			isa = PBXFrameworksBuildPhase;
			buildActionMask = 2147483647;
			files = (
			);
			runOnlyForDeploymentPostprocessing = 0;
		};
		7BC87464263340E0000A63EC /* Frameworks */ = {
			isa = PBXFrameworksBuildPhase;
			buildActionMask = 2147483647;
			files = (
			);
			runOnlyForDeploymentPostprocessing = 0;
		};
		7BC8746F263340E0000A63EC /* Frameworks */ = {
			isa = PBXFrameworksBuildPhase;
			buildActionMask = 2147483647;
			files = (
			);
			runOnlyForDeploymentPostprocessing = 0;
		};
/* End PBXFrameworksBuildPhase section */

/* Begin PBXGroup section */
		7BC87448263340DD000A63EC = {
			isa = PBXGroup;
			children = (
				7BC87453263340DD000A63EC /* PropertyWrapperSample */,
				7BC8746A263340E0000A63EC /* PropertyWrapperSampleTests */,
				7BC87475263340E0000A63EC /* PropertyWrapperSampleUITests */,
				7BC87452263340DD000A63EC /* Products */,
			);
			sourceTree = "<group>";
		};
		7BC87452263340DD000A63EC /* Products */ = {
			isa = PBXGroup;
			children = (
				7BC87451263340DD000A63EC /* PropertyWrapperSample.app */,
				7BC87467263340E0000A63EC /* PropertyWrapperSampleTests.xctest */,
				7BC87472263340E0000A63EC /* PropertyWrapperSampleUITests.xctest */,
			);
			name = Products;
			sourceTree = "<group>";
		};
		7BC87453263340DD000A63EC /* PropertyWrapperSample */ = {
			isa = PBXGroup;
			children = (
				7BC87454263340DD000A63EC /* AppDelegate.swift */,
				7BC87458263340DD000A63EC /* ViewController.swift */,
				7BC8745A263340DD000A63EC /* Main.storyboard */,
				7BC8745D263340DF000A63EC /* Assets.xcassets */,
				7BC8745F263340DF000A63EC /* LaunchScreen.storyboard */,
				7BC87462263340DF000A63EC /* Info.plist */,
				7BC8748726334107000A63EC /* MyUserDefaults.swift */,
				7BC8749526334180000A63EC /* AppData.swift */,
			);
			path = PropertyWrapperSample;
			sourceTree = "<group>";
		};
		7BC8746A263340E0000A63EC /* PropertyWrapperSampleTests */ = {
			isa = PBXGroup;
			children = (
				7BC8746B263340E0000A63EC /* PropertyWrapperSampleTests.swift */,
				7BC8746D263340E0000A63EC /* Info.plist */,
			);
			path = PropertyWrapperSampleTests;
			sourceTree = "<group>";
		};
		7BC87475263340E0000A63EC /* PropertyWrapperSampleUITests */ = {
			isa = PBXGroup;
			children = (
				7BC87476263340E0000A63EC /* PropertyWrapperSampleUITests.swift */,
				7BC87478263340E0000A63EC /* Info.plist */,
			);
			path = PropertyWrapperSampleUITests;
			sourceTree = "<group>";
		};
/* End PBXGroup section */

/* Begin PBXNativeTarget section */
		7BC87450263340DD000A63EC /* PropertyWrapperSample */ = {
			isa = PBXNativeTarget;
			buildConfigurationList = 7BC8747B263340E0000A63EC /* Build configuration list for PBXNativeTarget "PropertyWrapperSample" */;
			buildPhases = (
				7BC8744D263340DD000A63EC /* Sources */,
				7BC8744E263340DD000A63EC /* Frameworks */,
				7BC8744F263340DD000A63EC /* Resources */,
			);
			buildRules = (
			);
			dependencies = (
			);
			name = PropertyWrapperSample;
			productName = PropertyWrapperSample;
			productReference = 7BC87451263340DD000A63EC /* PropertyWrapperSample.app */;
			productType = "com.apple.product-type.application";
		};
		7BC87466263340E0000A63EC /* PropertyWrapperSampleTests */ = {
			isa = PBXNativeTarget;
			buildConfigurationList = 7BC8747E263340E0000A63EC /* Build configuration list for PBXNativeTarget "PropertyWrapperSampleTests" */;
			buildPhases = (
				7BC87463263340E0000A63EC /* Sources */,
				7BC87464263340E0000A63EC /* Frameworks */,
				7BC87465263340E0000A63EC /* Resources */,
			);
			buildRules = (
			);
			dependencies = (
				7BC87469263340E0000A63EC /* PBXTargetDependency */,
			);
			name = PropertyWrapperSampleTests;
			productName = PropertyWrapperSampleTests;
			productReference = 7BC87467263340E0000A63EC /* PropertyWrapperSampleTests.xctest */;
			productType = "com.apple.product-type.bundle.unit-test";
		};
		7BC87471263340E0000A63EC /* PropertyWrapperSampleUITests */ = {
			isa = PBXNativeTarget;
			buildConfigurationList = 7BC87481263340E0000A63EC /* Build configuration list for PBXNativeTarget "PropertyWrapperSampleUITests" */;
			buildPhases = (
				7BC8746E263340E0000A63EC /* Sources */,
				7BC8746F263340E0000A63EC /* Frameworks */,
				7BC87470263340E0000A63EC /* Resources */,
			);
			buildRules = (
			);
			dependencies = (
				7BC87474263340E0000A63EC /* PBXTargetDependency */,
			);
			name = PropertyWrapperSampleUITests;
			productName = PropertyWrapperSampleUITests;
			productReference = 7BC87472263340E0000A63EC /* PropertyWrapperSampleUITests.xctest */;
			productType = "com.apple.product-type.bundle.ui-testing";
		};
/* End PBXNativeTarget section */

/* Begin PBXProject section */
		7BC87449263340DD000A63EC /* Project object */ = {
			isa = PBXProject;
			attributes = {
				LastSwiftUpdateCheck = 1240;
				LastUpgradeCheck = 1240;
				TargetAttributes = {
					7BC87450263340DD000A63EC = {
						CreatedOnToolsVersion = 12.4;
					};
					7BC87466263340E0000A63EC = {
						CreatedOnToolsVersion = 12.4;
						TestTargetID = 7BC87450263340DD000A63EC;
					};
					7BC87471263340E0000A63EC = {
						CreatedOnToolsVersion = 12.4;
						TestTargetID = 7BC87450263340DD000A63EC;
					};
				};
			};
			buildConfigurationList = 7BC8744C263340DD000A63EC /* Build configuration list for PBXProject "PropertyWrapperSample" */;
			compatibilityVersion = "Xcode 9.3";
			developmentRegion = en;
			hasScannedForEncodings = 0;
			knownRegions = (
				en,
				Base,
			);
			mainGroup = 7BC87448263340DD000A63EC;
			productRefGroup = 7BC87452263340DD000A63EC /* Products */;
			projectDirPath = "";
			projectRoot = "";
			targets = (
				7BC87450263340DD000A63EC /* PropertyWrapperSample */,
				7BC87466263340E0000A63EC /* PropertyWrapperSampleTests */,
				7BC87471263340E0000A63EC /* PropertyWrapperSampleUITests */,
			);
		};
/* End PBXProject section */

/* Begin PBXResourcesBuildPhase section */
		7BC8744F263340DD000A63EC /* Resources */ = {
			isa = PBXResourcesBuildPhase;
			buildActionMask = 2147483647;
			files = (
				7BC87461263340DF000A63EC /* LaunchScreen.storyboard in Resources */,
				7BC8745E263340DF000A63EC /* Assets.xcassets in Resources */,
				7BC8745C263340DD000A63EC /* Main.storyboard in Resources */,
			);
			runOnlyForDeploymentPostprocessing = 0;
		};
		7BC87465263340E0000A63EC /* Resources */ = {
			isa = PBXResourcesBuildPhase;
			buildActionMask = 2147483647;
			files = (
			);
			runOnlyForDeploymentPostprocessing = 0;
		};
		7BC87470263340E0000A63EC /* Resources */ = {
			isa = PBXResourcesBuildPhase;
			buildActionMask = 2147483647;
			files = (
			);
			runOnlyForDeploymentPostprocessing = 0;
		};
/* End PBXResourcesBuildPhase section */

/* Begin PBXSourcesBuildPhase section */
		7BC8744D263340DD000A63EC /* Sources */ = {
			isa = PBXSourcesBuildPhase;
			buildActionMask = 2147483647;
			files = (
				7BC8748826334107000A63EC /* MyUserDefaults.swift in Sources */,
				7BC87459263340DD000A63EC /* ViewController.swift in Sources */,
				7BC87455263340DD000A63EC /* AppDelegate.swift in Sources */,
				7BC8749626334180000A63EC /* AppData.swift in Sources */,
			);
			runOnlyForDeploymentPostprocessing = 0;
		};
		7BC87463263340E0000A63EC /* Sources */ = {
			isa = PBXSourcesBuildPhase;
			buildActionMask = 2147483647;
			files = (
				7BC8746C263340E0000A63EC /* PropertyWrapperSampleTests.swift in Sources */,
			);
			runOnlyForDeploymentPostprocessing = 0;
		};
		7BC8746E263340E0000A63EC /* Sources */ = {
			isa = PBXSourcesBuildPhase;
			buildActionMask = 2147483647;
			files = (
				7BC87477263340E0000A63EC /* PropertyWrapperSampleUITests.swift in Sources */,
			);
			runOnlyForDeploymentPostprocessing = 0;
		};
/* End PBXSourcesBuildPhase section */

/* Begin PBXTargetDependency section */
		7BC87469263340E0000A63EC /* PBXTargetDependency */ = {
			isa = PBXTargetDependency;
			target = 7BC87450263340DD000A63EC /* PropertyWrapperSample */;
			targetProxy = 7BC87468263340E0000A63EC /* PBXContainerItemProxy */;
		};
		7BC87474263340E0000A63EC /* PBXTargetDependency */ = {
			isa = PBXTargetDependency;
			target = 7BC87450263340DD000A63EC /* PropertyWrapperSample */;
			targetProxy = 7BC87473263340E0000A63EC /* PBXContainerItemProxy */;
		};
/* End PBXTargetDependency section */

/* Begin PBXVariantGroup section */
		7BC8745A263340DD000A63EC /* Main.storyboard */ = {
			isa = PBXVariantGroup;
			children = (
				7BC8745B263340DD000A63EC /* Base */,
			);
			name = Main.storyboard;
			sourceTree = "<group>";
		};
		7BC8745F263340DF000A63EC /* LaunchScreen.storyboard */ = {
			isa = PBXVariantGroup;
			children = (
				7BC87460263340DF000A63EC /* Base */,
			);
			name = LaunchScreen.storyboard;
			sourceTree = "<group>";
		};
/* End PBXVariantGroup section */

/* Begin XCBuildConfiguration section */
		7BC87479263340E0000A63EC /* Debug */ = {
			isa = XCBuildConfiguration;
			buildSettings = {
				ALWAYS_SEARCH_USER_PATHS = NO;
				CLANG_ANALYZER_NONNULL = YES;
				CLANG_ANALYZER_NUMBER_OBJECT_CONVERSION = YES_AGGRESSIVE;
				CLANG_CXX_LANGUAGE_STANDARD = "gnu++14";
				CLANG_CXX_LIBRARY = "libc++";
				CLANG_ENABLE_MODULES = YES;
				CLANG_ENABLE_OBJC_ARC = YES;
				CLANG_ENABLE_OBJC_WEAK = YES;
				CLANG_WARN_BLOCK_CAPTURE_AUTORELEASING = YES;
				CLANG_WARN_BOOL_CONVERSION = YES;
				CLANG_WARN_COMMA = YES;
				CLANG_WARN_CONSTANT_CONVERSION = YES;
				CLANG_WARN_DEPRECATED_OBJC_IMPLEMENTATIONS = YES;
				CLANG_WARN_DIRECT_OBJC_ISA_USAGE = YES_ERROR;
				CLANG_WARN_DOCUMENTATION_COMMENTS = YES;
				CLANG_WARN_EMPTY_BODY = YES;
				CLANG_WARN_ENUM_CONVERSION = YES;
				CLANG_WARN_INFINITE_RECURSION = YES;
				CLANG_WARN_INT_CONVERSION = YES;
				CLANG_WARN_NON_LITERAL_NULL_CONVERSION = YES;
				CLANG_WARN_OBJC_IMPLICIT_RETAIN_SELF = YES;
				CLANG_WARN_OBJC_LITERAL_CONVERSION = YES;
				CLANG_WARN_OBJC_ROOT_CLASS = YES_ERROR;
				CLANG_WARN_QUOTED_INCLUDE_IN_FRAMEWORK_HEADER = YES;
				CLANG_WARN_RANGE_LOOP_ANALYSIS = YES;
				CLANG_WARN_STRICT_PROTOTYPES = YES;
				CLANG_WARN_SUSPICIOUS_MOVE = YES;
				CLANG_WARN_UNGUARDED_AVAILABILITY = YES_AGGRESSIVE;
				CLANG_WARN_UNREACHABLE_CODE = YES;
				CLANG_WARN__DUPLICATE_METHOD_MATCH = YES;
				COPY_PHASE_STRIP = NO;
				DEBUG_INFORMATION_FORMAT = dwarf;
				ENABLE_STRICT_OBJC_MSGSEND = YES;
				ENABLE_TESTABILITY = YES;
				GCC_C_LANGUAGE_STANDARD = gnu11;
				GCC_DYNAMIC_NO_PIC = NO;
				GCC_NO_COMMON_BLOCKS = YES;
				GCC_OPTIMIZATION_LEVEL = 0;
				GCC_PREPROCESSOR_DEFINITIONS = (
					"DEBUG=1",
					"$(inherited)",
				);
				GCC_WARN_64_TO_32_BIT_CONVERSION = YES;
				GCC_WARN_ABOUT_RETURN_TYPE = YES_ERROR;
				GCC_WARN_UNDECLARED_SELECTOR = YES;
				GCC_WARN_UNINITIALIZED_AUTOS = YES_AGGRESSIVE;
				GCC_WARN_UNUSED_FUNCTION = YES;
				GCC_WARN_UNUSED_VARIABLE = YES;
				IPHONEOS_DEPLOYMENT_TARGET = 12;
				MTL_ENABLE_DEBUG_INFO = INCLUDE_SOURCE;
				MTL_FAST_MATH = YES;
				ONLY_ACTIVE_ARCH = YES;
				SDKROOT = iphoneos;
				SWIFT_ACTIVE_COMPILATION_CONDITIONS = DEBUG;
				SWIFT_OPTIMIZATION_LEVEL = "-Onone";
			};
			name = Debug;
		};
		7BC8747A263340E0000A63EC /* Release */ = {
			isa = XCBuildConfiguration;
			buildSettings = {
				ALWAYS_SEARCH_USER_PATHS = NO;
				CLANG_ANALYZER_NONNULL = YES;
				CLANG_ANALYZER_NUMBER_OBJECT_CONVERSION = YES_AGGRESSIVE;
				CLANG_CXX_LANGUAGE_STANDARD = "gnu++14";
				CLANG_CXX_LIBRARY = "libc++";
				CLANG_ENABLE_MODULES = YES;
				CLANG_ENABLE_OBJC_ARC = YES;
				CLANG_ENABLE_OBJC_WEAK = YES;
				CLANG_WARN_BLOCK_CAPTURE_AUTORELEASING = YES;
				CLANG_WARN_BOOL_CONVERSION = YES;
				CLANG_WARN_COMMA = YES;
				CLANG_WARN_CONSTANT_CONVERSION = YES;
				CLANG_WARN_DEPRECATED_OBJC_IMPLEMENTATIONS = YES;
				CLANG_WARN_DIRECT_OBJC_ISA_USAGE = YES_ERROR;
				CLANG_WARN_DOCUMENTATION_COMMENTS = YES;
				CLANG_WARN_EMPTY_BODY = YES;
				CLANG_WARN_ENUM_CONVERSION = YES;
				CLANG_WARN_INFINITE_RECURSION = YES;
				CLANG_WARN_INT_CONVERSION = YES;
				CLANG_WARN_NON_LITERAL_NULL_CONVERSION = YES;
				CLANG_WARN_OBJC_IMPLICIT_RETAIN_SELF = YES;
				CLANG_WARN_OBJC_LITERAL_CONVERSION = YES;
				CLANG_WARN_OBJC_ROOT_CLASS = YES_ERROR;
				CLANG_WARN_QUOTED_INCLUDE_IN_FRAMEWORK_HEADER = YES;
				CLANG_WARN_RANGE_LOOP_ANALYSIS = YES;
				CLANG_WARN_STRICT_PROTOTYPES = YES;
				CLANG_WARN_SUSPICIOUS_MOVE = YES;
				CLANG_WARN_UNGUARDED_AVAILABILITY = YES_AGGRESSIVE;
				CLANG_WARN_UNREACHABLE_CODE = YES;
				CLANG_WARN__DUPLICATE_METHOD_MATCH = YES;
				COPY_PHASE_STRIP = NO;
				DEBUG_INFORMATION_FORMAT = "dwarf-with-dsym";
				ENABLE_NS_ASSERTIONS = NO;
				ENABLE_STRICT_OBJC_MSGSEND = YES;
				GCC_C_LANGUAGE_STANDARD = gnu11;
				GCC_NO_COMMON_BLOCKS = YES;
				GCC_WARN_64_TO_32_BIT_CONVERSION = YES;
				GCC_WARN_ABOUT_RETURN_TYPE = YES_ERROR;
				GCC_WARN_UNDECLARED_SELECTOR = YES;
				GCC_WARN_UNINITIALIZED_AUTOS = YES_AGGRESSIVE;
				GCC_WARN_UNUSED_FUNCTION = YES;
				GCC_WARN_UNUSED_VARIABLE = YES;
				IPHONEOS_DEPLOYMENT_TARGET = 12;
				MTL_ENABLE_DEBUG_INFO = NO;
				MTL_FAST_MATH = YES;
				SDKROOT = iphoneos;
				SWIFT_COMPILATION_MODE = wholemodule;
				SWIFT_OPTIMIZATION_LEVEL = "-O";
				VALIDATE_PRODUCT = YES;
			};
			name = Release;
		};
		7BC8747C263340E0000A63EC /* Debug */ = {
			isa = XCBuildConfiguration;
			buildSettings = {
				ASSETCATALOG_COMPILER_APPICON_NAME = AppIcon;
				ASSETCATALOG_COMPILER_GLOBAL_ACCENT_COLOR_NAME = AccentColor;
				CODE_SIGN_STYLE = Automatic;
				DEVELOPMENT_TEAM = 38BV25GUUS;
				INFOPLIST_FILE = PropertyWrapperSample/Info.plist;
				LD_RUNPATH_SEARCH_PATHS = (
					"$(inherited)",
					"@executable_path/Frameworks",
				);
				PRODUCT_BUNDLE_IDENTIFIER = com.tyomashin.PropertyWrapperSample;
				PRODUCT_NAME = "$(TARGET_NAME)";
				SWIFT_VERSION = 5.0;
				TARGETED_DEVICE_FAMILY = "1,2";
			};
			name = Debug;
		};
		7BC8747D263340E0000A63EC /* Release */ = {
			isa = XCBuildConfiguration;
			buildSettings = {
				ASSETCATALOG_COMPILER_APPICON_NAME = AppIcon;
				ASSETCATALOG_COMPILER_GLOBAL_ACCENT_COLOR_NAME = AccentColor;
				CODE_SIGN_STYLE = Automatic;
				DEVELOPMENT_TEAM = 38BV25GUUS;
				INFOPLIST_FILE = PropertyWrapperSample/Info.plist;
				LD_RUNPATH_SEARCH_PATHS = (
					"$(inherited)",
					"@executable_path/Frameworks",
				);
				PRODUCT_BUNDLE_IDENTIFIER = com.tyomashin.PropertyWrapperSample;
				PRODUCT_NAME = "$(TARGET_NAME)";
				SWIFT_VERSION = 5.0;
				TARGETED_DEVICE_FAMILY = "1,2";
			};
			name = Release;
		};
		7BC8747F263340E0000A63EC /* Debug */ = {
			isa = XCBuildConfiguration;
			buildSettings = {
				ALWAYS_EMBED_SWIFT_STANDARD_LIBRARIES = YES;
				BUNDLE_LOADER = "$(TEST_HOST)";
				CODE_SIGN_STYLE = Automatic;
				DEVELOPMENT_TEAM = 38BV25GUUS;
				INFOPLIST_FILE = PropertyWrapperSampleTests/Info.plist;
				IPHONEOS_DEPLOYMENT_TARGET = 14.4;
				LD_RUNPATH_SEARCH_PATHS = (
					"$(inherited)",
					"@executable_path/Frameworks",
					"@loader_path/Frameworks",
				);
				PRODUCT_BUNDLE_IDENTIFIER = com.tyomashin.PropertyWrapperSampleTests;
				PRODUCT_NAME = "$(TARGET_NAME)";
				SWIFT_VERSION = 5.0;
				TARGETED_DEVICE_FAMILY = "1,2";
				TEST_HOST = "$(BUILT_PRODUCTS_DIR)/PropertyWrapperSample.app/PropertyWrapperSample";
			};
			name = Debug;
		};
		7BC87480263340E0000A63EC /* Release */ = {
			isa = XCBuildConfiguration;
			buildSettings = {
				ALWAYS_EMBED_SWIFT_STANDARD_LIBRARIES = YES;
				BUNDLE_LOADER = "$(TEST_HOST)";
				CODE_SIGN_STYLE = Automatic;
				DEVELOPMENT_TEAM = 38BV25GUUS;
				INFOPLIST_FILE = PropertyWrapperSampleTests/Info.plist;
				IPHONEOS_DEPLOYMENT_TARGET = 14.4;
				LD_RUNPATH_SEARCH_PATHS = (
					"$(inherited)",
					"@executable_path/Frameworks",
					"@loader_path/Frameworks",
				);
				PRODUCT_BUNDLE_IDENTIFIER = com.tyomashin.PropertyWrapperSampleTests;
				PRODUCT_NAME = "$(TARGET_NAME)";
				SWIFT_VERSION = 5.0;
				TARGETED_DEVICE_FAMILY = "1,2";
				TEST_HOST = "$(BUILT_PRODUCTS_DIR)/PropertyWrapperSample.app/PropertyWrapperSample";
			};
			name = Release;
		};
		7BC87482263340E0000A63EC /* Debug */ = {
			isa = XCBuildConfiguration;
			buildSettings = {
				ALWAYS_EMBED_SWIFT_STANDARD_LIBRARIES = YES;
				CODE_SIGN_STYLE = Automatic;
				DEVELOPMENT_TEAM = 38BV25GUUS;
				INFOPLIST_FILE = PropertyWrapperSampleUITests/Info.plist;
				LD_RUNPATH_SEARCH_PATHS = (
					"$(inherited)",
					"@executable_path/Frameworks",
					"@loader_path/Frameworks",
				);
				PRODUCT_BUNDLE_IDENTIFIER = com.tyomashin.PropertyWrapperSampleUITests;
				PRODUCT_NAME = "$(TARGET_NAME)";
				SWIFT_VERSION = 5.0;
				TARGETED_DEVICE_FAMILY = "1,2";
				TEST_TARGET_NAME = PropertyWrapperSample;
			};
			name = Debug;
		};
		7BC87483263340E0000A63EC /* Release */ = {
			isa = XCBuildConfiguration;
			buildSettings = {
				ALWAYS_EMBED_SWIFT_STANDARD_LIBRARIES = YES;
				CODE_SIGN_STYLE = Automatic;
				DEVELOPMENT_TEAM = 38BV25GUUS;
				INFOPLIST_FILE = PropertyWrapperSampleUITests/Info.plist;
				LD_RUNPATH_SEARCH_PATHS = (
					"$(inherited)",
					"@executable_path/Frameworks",
					"@loader_path/Frameworks",
				);
				PRODUCT_BUNDLE_IDENTIFIER = com.tyomashin.PropertyWrapperSampleUITests;
				PRODUCT_NAME = "$(TARGET_NAME)";
				SWIFT_VERSION = 5.0;
				TARGETED_DEVICE_FAMILY = "1,2";
				TEST_TARGET_NAME = PropertyWrapperSample;
			};
			name = Release;
		};
/* End XCBuildConfiguration section */

/* Begin XCConfigurationList section */
		7BC8744C263340DD000A63EC /* Build configuration list for PBXProject "PropertyWrapperSample" */ = {
			isa = XCConfigurationList;
			buildConfigurations = (
				7BC87479263340E0000A63EC /* Debug */,
				7BC8747A263340E0000A63EC /* Release */,
			);
			defaultConfigurationIsVisible = 0;
			defaultConfigurationName = Release;
		};
		7BC8747B263340E0000A63EC /* Build configuration list for PBXNativeTarget "PropertyWrapperSample" */ = {
			isa = XCConfigurationList;
			buildConfigurations = (
				7BC8747C263340E0000A63EC /* Debug */,
				7BC8747D263340E0000A63EC /* Release */,
			);
			defaultConfigurationIsVisible = 0;
			defaultConfigurationName = Release;
		};
		7BC8747E263340E0000A63EC /* Build configuration list for PBXNativeTarget "PropertyWrapperSampleTests" */ = {
			isa = XCConfigurationList;
			buildConfigurations = (
				7BC8747F263340E0000A63EC /* Debug */,
				7BC87480263340E0000A63EC /* Release */,
			);
			defaultConfigurationIsVisible = 0;
			defaultConfigurationName = Release;
		};
		7BC87481263340E0000A63EC /* Build configuration list for PBXNativeTarget "PropertyWrapperSampleUITests" */ = {
			isa = XCConfigurationList;
			buildConfigurations = (
				7BC87482263340E0000A63EC /* Debug */,
				7BC87483263340E0000A63EC /* Release */,
			);
			defaultConfigurationIsVisible = 0;
			defaultConfigurationName = Release;
		};
/* End XCConfigurationList section */
	};
	rootObject = 7BC87449263340DD000A63EC /* Project object */;
}
